// !$*UTF8*$!
{
	archiveVersion = 1;
	classes = {
	};
	objectVersion = 50;
	objects = {

/* Begin PBXBuildFile section */
		2F32CB4B229D3A16003A6768 /* OktaOidcSignIn.swift in Sources */ = {isa = PBXBuildFile; fileRef = 2F32CB01229D3A16003A6768 /* OktaOidcSignIn.swift */; };
		2F32CB4C229D3A16003A6768 /* OktaOidcSignOut.swift in Sources */ = {isa = PBXBuildFile; fileRef = 2F32CB02229D3A16003A6768 /* OktaOidcSignOut.swift */; };
		2F32CB4D229D3A16003A6768 /* OktaOidcAuthenticate.swift in Sources */ = {isa = PBXBuildFile; fileRef = 2F32CB03229D3A16003A6768 /* OktaOidcAuthenticate.swift */; };
		2F32CB4E229D3A16003A6768 /* OktaOidcTask.swift in Sources */ = {isa = PBXBuildFile; fileRef = 2F32CB04229D3A16003A6768 /* OktaOidcTask.swift */; };
		2F32CB4F229D3A16003A6768 /* OktaOidcUserSessionTask.swift in Sources */ = {isa = PBXBuildFile; fileRef = 2F32CB05229D3A16003A6768 /* OktaOidcUserSessionTask.swift */; };
		2F32CB50229D3A16003A6768 /* OktaOidcMetadataDiscovery.swift in Sources */ = {isa = PBXBuildFile; fileRef = 2F32CB06229D3A16003A6768 /* OktaOidcMetadataDiscovery.swift */; };
		2F32CB51229D3A16003A6768 /* OktaOidcStateManager.swift in Sources */ = {isa = PBXBuildFile; fileRef = 2F32CB07229D3A16003A6768 /* OktaOidcStateManager.swift */; };
		2F32CB52229D3A16003A6768 /* OktaOidcEndpoint.swift in Sources */ = {isa = PBXBuildFile; fileRef = 2F32CB08229D3A16003A6768 /* OktaOidcEndpoint.swift */; };
		2F32CB53229D3A16003A6768 /* OktaOidcUtils.swift in Sources */ = {isa = PBXBuildFile; fileRef = 2F32CB09229D3A16003A6768 /* OktaOidcUtils.swift */; };
		2F32CB54229D3A16003A6768 /* OktaOidcKeychain.swift in Sources */ = {isa = PBXBuildFile; fileRef = 2F32CB0A229D3A16003A6768 /* OktaOidcKeychain.swift */; };
		2F32CB55229D3A16003A6768 /* OktaOidc.swift in Sources */ = {isa = PBXBuildFile; fileRef = 2F32CB0B229D3A16003A6768 /* OktaOidc.swift */; };
		2F32CB56229D3A16003A6768 /* OktaOidcRestApi.swift in Sources */ = {isa = PBXBuildFile; fileRef = 2F32CB0C229D3A16003A6768 /* OktaOidcRestApi.swift */; };
		2F32CB57229D3A16003A6768 /* OIDAuthorizationService+Okta.swift in Sources */ = {isa = PBXBuildFile; fileRef = 2F32CB0D229D3A16003A6768 /* OIDAuthorizationService+Okta.swift */; };
		2F32CB58229D3A16003A6768 /* OktaOidcConfig.swift in Sources */ = {isa = PBXBuildFile; fileRef = 2F32CB0E229D3A16003A6768 /* OktaOidcConfig.swift */; };
		2F32CB59229D3A16003A6768 /* OktaOidcError.swift in Sources */ = {isa = PBXBuildFile; fileRef = 2F32CB0F229D3A16003A6768 /* OktaOidcError.swift */; };
		2F32CB5A229D3A16003A6768 /* OIDAuthState+Okta.swift in Sources */ = {isa = PBXBuildFile; fileRef = 2F32CB10229D3A16003A6768 /* OIDAuthState+Okta.swift */; };
		2F32CB5E229D3C3C003A6768 /* OIDAuthorizationService.h in Headers */ = {isa = PBXBuildFile; fileRef = 2F32CAC5229D3A16003A6768 /* OIDAuthorizationService.h */; settings = {ATTRIBUTES = (Public, ); }; };
		2F32CB5F229D3C3C003A6768 /* OIDScopeUtilities.m in Sources */ = {isa = PBXBuildFile; fileRef = 2F32CAC6229D3A16003A6768 /* OIDScopeUtilities.m */; };
		2F32CB60229D3C3C003A6768 /* OIDExternalUserAgentIOS.h in Headers */ = {isa = PBXBuildFile; fileRef = 2F32CAC7229D3A16003A6768 /* OIDExternalUserAgentIOS.h */; settings = {ATTRIBUTES = (Public, ); }; };
		2F32CB61229D3C3C003A6768 /* OIDFieldMapping.m in Sources */ = {isa = PBXBuildFile; fileRef = 2F32CAC8229D3A16003A6768 /* OIDFieldMapping.m */; };
		2F32CB62229D3C3C003A6768 /* OIDTokenRequest.h in Headers */ = {isa = PBXBuildFile; fileRef = 2F32CAC9229D3A16003A6768 /* OIDTokenRequest.h */; settings = {ATTRIBUTES = (Public, ); }; };
		2F32CB63229D3C3C003A6768 /* OIDRegistrationRequest.m in Sources */ = {isa = PBXBuildFile; fileRef = 2F32CACA229D3A16003A6768 /* OIDRegistrationRequest.m */; };
		2F32CB64229D3C3C003A6768 /* AppAuthCore.h in Headers */ = {isa = PBXBuildFile; fileRef = 2F32CACB229D3A16003A6768 /* AppAuthCore.h */; settings = {ATTRIBUTES = (Public, ); }; };
		2F32CB65229D3C3C003A6768 /* OIDAuthStateChangeDelegate.h in Headers */ = {isa = PBXBuildFile; fileRef = 2F32CACC229D3A16003A6768 /* OIDAuthStateChangeDelegate.h */; settings = {ATTRIBUTES = (Public, ); }; };
		2F32CB66229D3C3C003A6768 /* OIDResponseTypes.h in Headers */ = {isa = PBXBuildFile; fileRef = 2F32CACD229D3A16003A6768 /* OIDResponseTypes.h */; settings = {ATTRIBUTES = (Public, ); }; };
		2F32CB67229D3C3C003A6768 /* OIDAuthorizationRequest.m in Sources */ = {isa = PBXBuildFile; fileRef = 2F32CACE229D3A16003A6768 /* OIDAuthorizationRequest.m */; };
		2F32CB68229D3C3C003A6768 /* OIDScopes.m in Sources */ = {isa = PBXBuildFile; fileRef = 2F32CACF229D3A16003A6768 /* OIDScopes.m */; };
		2F32CB69229D3C3C003A6768 /* OIDError.m in Sources */ = {isa = PBXBuildFile; fileRef = 2F32CAD0229D3A16003A6768 /* OIDError.m */; };
		2F32CB6A229D3C3C003A6768 /* OIDExternalUserAgent.h in Headers */ = {isa = PBXBuildFile; fileRef = 2F32CAD1229D3A16003A6768 /* OIDExternalUserAgent.h */; settings = {ATTRIBUTES = (Public, ); }; };
		2F32CB6B229D3C3C003A6768 /* OIDAuthState.m in Sources */ = {isa = PBXBuildFile; fileRef = 2F32CAD2229D3A16003A6768 /* OIDAuthState.m */; };
		2F32CB6C229D3C3C003A6768 /* OIDTokenResponse.h in Headers */ = {isa = PBXBuildFile; fileRef = 2F32CAD3229D3A16003A6768 /* OIDTokenResponse.h */; settings = {ATTRIBUTES = (Public, ); }; };
		2F32CB6D229D3C3C003A6768 /* OIDTokenUtilities.h in Headers */ = {isa = PBXBuildFile; fileRef = 2F32CAD4229D3A16003A6768 /* OIDTokenUtilities.h */; settings = {ATTRIBUTES = (Public, ); }; };
		2F32CB6E229D3C3C003A6768 /* OIDGrantTypes.m in Sources */ = {isa = PBXBuildFile; fileRef = 2F32CAD5229D3A16003A6768 /* OIDGrantTypes.m */; };
		2F32CB6F229D3C3C003A6768 /* OIDURLSessionProvider.m in Sources */ = {isa = PBXBuildFile; fileRef = 2F32CAD6229D3A16003A6768 /* OIDURLSessionProvider.m */; };
		2F32CB70229D3C3C003A6768 /* OIDEndSessionRequest.h in Headers */ = {isa = PBXBuildFile; fileRef = 2F32CAD7229D3A16003A6768 /* OIDEndSessionRequest.h */; settings = {ATTRIBUTES = (Public, ); }; };
		2F32CB71229D3C3C003A6768 /* OIDServiceConfiguration.h in Headers */ = {isa = PBXBuildFile; fileRef = 2F32CAD8229D3A16003A6768 /* OIDServiceConfiguration.h */; settings = {ATTRIBUTES = (Public, ); }; };
		2F32CB72229D3C3C003A6768 /* OIDIDToken.m in Sources */ = {isa = PBXBuildFile; fileRef = 2F32CAD9229D3A16003A6768 /* OIDIDToken.m */; };
		2F32CB73229D3C3C003A6768 /* OIDServiceDiscovery.m in Sources */ = {isa = PBXBuildFile; fileRef = 2F32CADA229D3A16003A6768 /* OIDServiceDiscovery.m */; };
		2F32CB74229D3C3C003A6768 /* OIDURLQueryComponent.h in Headers */ = {isa = PBXBuildFile; fileRef = 2F32CADB229D3A16003A6768 /* OIDURLQueryComponent.h */; settings = {ATTRIBUTES = (Public, ); }; };
		2F32CB75229D3C3C003A6768 /* OIDClientMetadataParameters.h in Headers */ = {isa = PBXBuildFile; fileRef = 2F32CADC229D3A16003A6768 /* OIDClientMetadataParameters.h */; settings = {ATTRIBUTES = (Public, ); }; };
		2F32CB76229D3C3C003A6768 /* OIDEndSessionResponse.h in Headers */ = {isa = PBXBuildFile; fileRef = 2F32CADD229D3A16003A6768 /* OIDEndSessionResponse.h */; settings = {ATTRIBUTES = (Public, ); }; };
		2F32CB77229D3C3C003A6768 /* OIDErrorUtilities.h in Headers */ = {isa = PBXBuildFile; fileRef = 2F32CADE229D3A16003A6768 /* OIDErrorUtilities.h */; settings = {ATTRIBUTES = (Public, ); }; };
		2F32CB78229D3C3C003A6768 /* OIDRegistrationResponse.h in Headers */ = {isa = PBXBuildFile; fileRef = 2F32CADF229D3A16003A6768 /* OIDRegistrationResponse.h */; settings = {ATTRIBUTES = (Public, ); }; };
		2F32CB79229D3C3C003A6768 /* OIDAuthorizationResponse.h in Headers */ = {isa = PBXBuildFile; fileRef = 2F32CAE0229D3A16003A6768 /* OIDAuthorizationResponse.h */; settings = {ATTRIBUTES = (Public, ); }; };
		2F32CB7A229D3C3C003A6768 /* OIDResponseTypes.m in Sources */ = {isa = PBXBuildFile; fileRef = 2F32CAE1229D3A16003A6768 /* OIDResponseTypes.m */; };
		2F32CB7B229D3C3C003A6768 /* OIDAuthorizationRequest.h in Headers */ = {isa = PBXBuildFile; fileRef = 2F32CAE2229D3A16003A6768 /* OIDAuthorizationRequest.h */; settings = {ATTRIBUTES = (Public, ); }; };
		2F32CB7C229D3C3C003A6768 /* OIDRegistrationRequest.h in Headers */ = {isa = PBXBuildFile; fileRef = 2F32CAE3229D3A16003A6768 /* OIDRegistrationRequest.h */; settings = {ATTRIBUTES = (Public, ); }; };
		2F32CB7D229D3C3C003A6768 /* OIDTokenRequest.m in Sources */ = {isa = PBXBuildFile; fileRef = 2F32CAE4229D3A16003A6768 /* OIDTokenRequest.m */; };
		2F32CB7E229D3C3C003A6768 /* OIDAuthStateErrorDelegate.h in Headers */ = {isa = PBXBuildFile; fileRef = 2F32CAE5229D3A16003A6768 /* OIDAuthStateErrorDelegate.h */; settings = {ATTRIBUTES = (Public, ); }; };
		2F32CB7F229D3C3C003A6768 /* OIDExternalUserAgentIOS.m in Sources */ = {isa = PBXBuildFile; fileRef = 2F32CAE6229D3A16003A6768 /* OIDExternalUserAgentIOS.m */; };
		2F32CB80229D3C3C003A6768 /* OIDFieldMapping.h in Headers */ = {isa = PBXBuildFile; fileRef = 2F32CAE7229D3A16003A6768 /* OIDFieldMapping.h */; settings = {ATTRIBUTES = (Public, ); }; };
		2F32CB81229D3C3C003A6768 /* OIDScopeUtilities.h in Headers */ = {isa = PBXBuildFile; fileRef = 2F32CAE8229D3A16003A6768 /* OIDScopeUtilities.h */; settings = {ATTRIBUTES = (Public, ); }; };
		2F32CB82229D3C3C003A6768 /* OIDAuthorizationService.m in Sources */ = {isa = PBXBuildFile; fileRef = 2F32CAE9229D3A16003A6768 /* OIDAuthorizationService.m */; };
		2F32CB83229D3C3C003A6768 /* OIDAuthState.h in Headers */ = {isa = PBXBuildFile; fileRef = 2F32CAEA229D3A16003A6768 /* OIDAuthState.h */; settings = {ATTRIBUTES = (Public, ); }; };
		2F32CB84229D3C3C003A6768 /* OIDError.h in Headers */ = {isa = PBXBuildFile; fileRef = 2F32CAEB229D3A16003A6768 /* OIDError.h */; settings = {ATTRIBUTES = (Public, ); }; };
		2F32CB85229D3C3C003A6768 /* OIDScopes.h in Headers */ = {isa = PBXBuildFile; fileRef = 2F32CAEC229D3A16003A6768 /* OIDScopes.h */; settings = {ATTRIBUTES = (Public, ); }; };
		2F32CB86229D3C3C003A6768 /* OIDDefines.h in Headers */ = {isa = PBXBuildFile; fileRef = 2F32CAED229D3A16003A6768 /* OIDDefines.h */; settings = {ATTRIBUTES = (Public, ); }; };
		2F32CB87229D3C3C003A6768 /* OIDExternalUserAgentRequest.h in Headers */ = {isa = PBXBuildFile; fileRef = 2F32CAEE229D3A16003A6768 /* OIDExternalUserAgentRequest.h */; settings = {ATTRIBUTES = (Public, ); }; };
		2F32CB88229D3C3C003A6768 /* OIDEndSessionRequest.m in Sources */ = {isa = PBXBuildFile; fileRef = 2F32CAEF229D3A16003A6768 /* OIDEndSessionRequest.m */; };
		2F32CB89229D3C3C003A6768 /* OIDURLSessionProvider.h in Headers */ = {isa = PBXBuildFile; fileRef = 2F32CAF0229D3A16003A6768 /* OIDURLSessionProvider.h */; settings = {ATTRIBUTES = (Public, ); }; };
		2F32CB8A229D3C3C003A6768 /* OIDTokenUtilities.m in Sources */ = {isa = PBXBuildFile; fileRef = 2F32CAF1229D3A16003A6768 /* OIDTokenUtilities.m */; };
		2F32CB8B229D3C3C003A6768 /* OIDGrantTypes.h in Headers */ = {isa = PBXBuildFile; fileRef = 2F32CAF2229D3A16003A6768 /* OIDGrantTypes.h */; settings = {ATTRIBUTES = (Public, ); }; };
		2F32CB8C229D3C3C003A6768 /* OIDTokenResponse.m in Sources */ = {isa = PBXBuildFile; fileRef = 2F32CAF3229D3A16003A6768 /* OIDTokenResponse.m */; };
		2F32CB8D229D3C3C003A6768 /* OIDRegistrationResponse.m in Sources */ = {isa = PBXBuildFile; fileRef = 2F32CAF4229D3A16003A6768 /* OIDRegistrationResponse.m */; };
		2F32CB8E229D3C3C003A6768 /* OIDAuthorizationResponse.m in Sources */ = {isa = PBXBuildFile; fileRef = 2F32CAF5229D3A16003A6768 /* OIDAuthorizationResponse.m */; };
		2F32CB8F229D3C3C003A6768 /* OIDErrorUtilities.m in Sources */ = {isa = PBXBuildFile; fileRef = 2F32CAF6229D3A16003A6768 /* OIDErrorUtilities.m */; };
		2F32CB90229D3C3C003A6768 /* OIDExternalUserAgentSession.h in Headers */ = {isa = PBXBuildFile; fileRef = 2F32CAF8229D3A16003A6768 /* OIDExternalUserAgentSession.h */; settings = {ATTRIBUTES = (Public, ); }; };
		2F32CB91229D3C3C003A6768 /* OIDEndSessionResponse.m in Sources */ = {isa = PBXBuildFile; fileRef = 2F32CAF9229D3A16003A6768 /* OIDEndSessionResponse.m */; };
		2F32CB92229D3C3C003A6768 /* OIDClientMetadataParameters.m in Sources */ = {isa = PBXBuildFile; fileRef = 2F32CAFA229D3A16003A6768 /* OIDClientMetadataParameters.m */; };
		2F32CB93229D3C3C003A6768 /* OIDServiceDiscovery.h in Headers */ = {isa = PBXBuildFile; fileRef = 2F32CAFB229D3A16003A6768 /* OIDServiceDiscovery.h */; settings = {ATTRIBUTES = (Public, ); }; };
		2F32CB94229D3C3C003A6768 /* OIDURLQueryComponent.m in Sources */ = {isa = PBXBuildFile; fileRef = 2F32CAFC229D3A16003A6768 /* OIDURLQueryComponent.m */; };
		2F32CB95229D3C3C003A6768 /* OIDIDToken.h in Headers */ = {isa = PBXBuildFile; fileRef = 2F32CAFD229D3A16003A6768 /* OIDIDToken.h */; settings = {ATTRIBUTES = (Public, ); }; };
		2F32CB96229D3C3C003A6768 /* OIDServiceConfiguration.m in Sources */ = {isa = PBXBuildFile; fileRef = 2F32CAFE229D3A16003A6768 /* OIDServiceConfiguration.m */; };
		2F32CB98229D3D13003A6768 /* OktaOidc.h in Headers */ = {isa = PBXBuildFile; fileRef = 2F32CAF7229D3A16003A6768 /* OktaOidc.h */; settings = {ATTRIBUTES = (Public, ); }; };
		2F32CBC7229D4281003A6768 /* AuthViewController.swift in Sources */ = {isa = PBXBuildFile; fileRef = 2F32CBB0229D427A003A6768 /* AuthViewController.swift */; };
		2F32CBC8229D4285003A6768 /* ViewController.swift in Sources */ = {isa = PBXBuildFile; fileRef = 2F32CBB1229D427A003A6768 /* ViewController.swift */; };
		2F32CBC9229D4289003A6768 /* AppDelegate.swift in Sources */ = {isa = PBXBuildFile; fileRef = 2F32CBBB229D427A003A6768 /* AppDelegate.swift */; };
		2F32CBCB229D4293003A6768 /* LaunchScreen.storyboard in Resources */ = {isa = PBXBuildFile; fileRef = 2F32CBB3229D427A003A6768 /* LaunchScreen.storyboard */; };
		2F32CBCF229D42A9003A6768 /* Main.storyboard in Resources */ = {isa = PBXBuildFile; fileRef = 2F32CBB7229D427A003A6768 /* Main.storyboard */; };
		2F32CBD0229D42AE003A6768 /* Images.xcassets in Resources */ = {isa = PBXBuildFile; fileRef = 2F32CBB9229D427A003A6768 /* Images.xcassets */; };
		2F32CBD1229D42B8003A6768 /* Okta.plist in Resources */ = {isa = PBXBuildFile; fileRef = 2F32CBBA229D427A003A6768 /* Okta.plist */; };
		2F32CC3B229D4D11003A6768 /* OktaOidcEndpointTests.swift in Sources */ = {isa = PBXBuildFile; fileRef = 2F32CBE6229D4CF8003A6768 /* OktaOidcEndpointTests.swift */; };
		2F32CC3C229D4D11003A6768 /* OktaOidcApiMock.swift in Sources */ = {isa = PBXBuildFile; fileRef = 2F32CBE7229D4CF8003A6768 /* OktaOidcApiMock.swift */; };
		2F32CC3D229D4D11003A6768 /* OktaOidcTests.swift in Sources */ = {isa = PBXBuildFile; fileRef = 2F32CC09229D4CF8003A6768 /* OktaOidcTests.swift */; };
		2F32CC3E229D4D11003A6768 /* OktaOidcStateManagerTests.swift in Sources */ = {isa = PBXBuildFile; fileRef = 2F32CC0A229D4CF8003A6768 /* OktaOidcStateManagerTests.swift */; };
		2F32CC3F229D4D11003A6768 /* OktaOidcUtilsTests.swift in Sources */ = {isa = PBXBuildFile; fileRef = 2F32CC0B229D4CF8003A6768 /* OktaOidcUtilsTests.swift */; };
		2F32CC40229D4D11003A6768 /* OktaOidcKeychainTests.swift in Sources */ = {isa = PBXBuildFile; fileRef = 2F32CC0C229D4CF8003A6768 /* OktaOidcKeychainTests.swift */; };
		2F32CC41229D4D11003A6768 /* OktaOidcDiscoveryTaskTests.swift in Sources */ = {isa = PBXBuildFile; fileRef = 2F32CC0D229D4CF8003A6768 /* OktaOidcDiscoveryTaskTests.swift */; };
		2F32CC42229D4D11003A6768 /* TestUtils.swift in Sources */ = {isa = PBXBuildFile; fileRef = 2F32CC0F229D4CF8003A6768 /* TestUtils.swift */; };
		2F32CC43229D4D11003A6768 /* OktaOidcConfigTests.swift in Sources */ = {isa = PBXBuildFile; fileRef = 2F32CC10229D4CF8003A6768 /* OktaOidcConfigTests.swift */; };
		2F32CC68229D4E76003A6768 /* OIDURLSessionProviderTests.m in Sources */ = {isa = PBXBuildFile; fileRef = 2F32CBEA229D4CF8003A6768 /* OIDURLSessionProviderTests.m */; };
		2F32CC69229D4E76003A6768 /* OIDAuthorizationRequestTests.m in Sources */ = {isa = PBXBuildFile; fileRef = 2F32CBEB229D4CF8003A6768 /* OIDAuthorizationRequestTests.m */; };
		2F32CC6A229D4E76003A6768 /* OIDAuthorizationResponseTests.m in Sources */ = {isa = PBXBuildFile; fileRef = 2F32CBEC229D4CF8003A6768 /* OIDAuthorizationResponseTests.m */; };
		2F32CC6B229D4E76003A6768 /* OIDRegistrationRequestTests.m in Sources */ = {isa = PBXBuildFile; fileRef = 2F32CBED229D4CF8003A6768 /* OIDRegistrationRequestTests.m */; };
		2F32CC6C229D4E76003A6768 /* OIDScopesTests.m in Sources */ = {isa = PBXBuildFile; fileRef = 2F32CBEE229D4CF8003A6768 /* OIDScopesTests.m */; };
		2F32CC6D229D4E76003A6768 /* OIDRegistrationResponseTests.m in Sources */ = {isa = PBXBuildFile; fileRef = 2F32CBF0229D4CF8003A6768 /* OIDRegistrationResponseTests.m */; };
		2F32CC6E229D4E76003A6768 /* OIDURLQueryComponentTests.m in Sources */ = {isa = PBXBuildFile; fileRef = 2F32CBF1229D4CF8003A6768 /* OIDURLQueryComponentTests.m */; };
		2F32CC6F229D4E76003A6768 /* OIDServiceConfigurationTests.m in Sources */ = {isa = PBXBuildFile; fileRef = 2F32CBF4229D4CF8003A6768 /* OIDServiceConfigurationTests.m */; };
		2F32CC70229D4E76003A6768 /* OIDGrantTypesTests.m in Sources */ = {isa = PBXBuildFile; fileRef = 2F32CBF5229D4CF8003A6768 /* OIDGrantTypesTests.m */; };
		2F32CC71229D4E76003A6768 /* OIDTokenResponseTests.m in Sources */ = {isa = PBXBuildFile; fileRef = 2F32CBF6229D4CF8003A6768 /* OIDTokenResponseTests.m */; };
		2F32CC72229D4E76003A6768 /* OIDEndSessionRequestTests.m in Sources */ = {isa = PBXBuildFile; fileRef = 2F32CBF7229D4CF8003A6768 /* OIDEndSessionRequestTests.m */; };
		2F32CC73229D4E76003A6768 /* OIDTokenUtilitiesTests.m in Sources */ = {isa = PBXBuildFile; fileRef = 2F32CBF9229D4CF8003A6768 /* OIDTokenUtilitiesTests.m */; };
		2F32CC74229D4E76003A6768 /* OIDSwiftTests.swift in Sources */ = {isa = PBXBuildFile; fileRef = 2F32CBFB229D4CF8003A6768 /* OIDSwiftTests.swift */; };
		2F32CC75229D4E76003A6768 /* OIDServiceDiscoveryTests.m in Sources */ = {isa = PBXBuildFile; fileRef = 2F32CBFC229D4CF8003A6768 /* OIDServiceDiscoveryTests.m */; };
		2F32CC76229D4E76003A6768 /* OIDAuthStateTests.m in Sources */ = {isa = PBXBuildFile; fileRef = 2F32CBFD229D4CF8003A6768 /* OIDAuthStateTests.m */; };
		2F32CC77229D4E76003A6768 /* OIDResponseTypesTests.m in Sources */ = {isa = PBXBuildFile; fileRef = 2F32CBFF229D4CF8003A6768 /* OIDResponseTypesTests.m */; };
		2F32CC78229D4E76003A6768 /* OIDRPProfileCode.m in Sources */ = {isa = PBXBuildFile; fileRef = 2F32CC00229D4CF8003A6768 /* OIDRPProfileCode.m */; };
		2F32CC79229D4E76003A6768 /* OIDTokenRequestTests.m in Sources */ = {isa = PBXBuildFile; fileRef = 2F32CC01229D4CF8003A6768 /* OIDTokenRequestTests.m */; };
		2F32CC7A229D4E76003A6768 /* OIDURLQueryComponentTestsIOS7.m in Sources */ = {isa = PBXBuildFile; fileRef = 2F32CC08229D4CF8003A6768 /* OIDURLQueryComponentTestsIOS7.m */; };
		2F32CC90229D4FD4003A6768 /* Okta_UITests.swift in Sources */ = {isa = PBXBuildFile; fileRef = 2F32CC8A229D4FCD003A6768 /* Okta_UITests.swift */; };
		2F32CC91229D4FD9003A6768 /* UITestUtils.swift in Sources */ = {isa = PBXBuildFile; fileRef = 2F32CC8C229D4FCD003A6768 /* UITestUtils.swift */; };
		2F32CCA3229D6801003A6768 /* OktaOidc.framework in Frameworks */ = {isa = PBXBuildFile; fileRef = 2F32CA1E229D38D4003A6768 /* OktaOidc.framework */; };
		2F32CCA4229D6A4E003A6768 /* OktaOidc.framework in Frameworks */ = {isa = PBXBuildFile; fileRef = 2F32CA1E229D38D4003A6768 /* OktaOidc.framework */; };
		2F32CCA8229D6B59003A6768 /* OktaOidc.framework in Embed Frameworks */ = {isa = PBXBuildFile; fileRef = 2F32CA1E229D38D4003A6768 /* OktaOidc.framework */; settings = {ATTRIBUTES = (CodeSignOnCopy, RemoveHeadersOnCopy, ); }; };
		A1A5FC1722D01216008F9511 /* OktaUserAgent.h in Headers */ = {isa = PBXBuildFile; fileRef = A1A5FC1522D01216008F9511 /* OktaUserAgent.h */; settings = {ATTRIBUTES = (Public, ); }; };
		A1A5FC1822D01216008F9511 /* OktaUserAgent.m in Sources */ = {isa = PBXBuildFile; fileRef = A1A5FC1622D01216008F9511 /* OktaUserAgent.m */; };
		A1ED40C822CFC3C200588343 /* OIDExternalUserAgentIOSCustomBrowser.h in Headers */ = {isa = PBXBuildFile; fileRef = A1ED40C122CFC3C200588343 /* OIDExternalUserAgentIOSCustomBrowser.h */; };
		A1ED40C922CFC3C200588343 /* OIDAuthorizationService+IOS.m in Sources */ = {isa = PBXBuildFile; fileRef = A1ED40C222CFC3C200588343 /* OIDAuthorizationService+IOS.m */; };
		A1ED40CA22CFC3C200588343 /* OIDAuthorizationService+IOS.m in Sources */ = {isa = PBXBuildFile; fileRef = A1ED40C222CFC3C200588343 /* OIDAuthorizationService+IOS.m */; };
		A1ED40CB22CFC3C200588343 /* OIDAuthorizationService+IOS.m in Sources */ = {isa = PBXBuildFile; fileRef = A1ED40C222CFC3C200588343 /* OIDAuthorizationService+IOS.m */; };
		A1ED40CC22CFC3C200588343 /* OIDAuthState+IOS.m in Sources */ = {isa = PBXBuildFile; fileRef = A1ED40C322CFC3C200588343 /* OIDAuthState+IOS.m */; };
		A1ED40CD22CFC3C200588343 /* OIDAuthState+IOS.m in Sources */ = {isa = PBXBuildFile; fileRef = A1ED40C322CFC3C200588343 /* OIDAuthState+IOS.m */; };
		A1ED40CE22CFC3C200588343 /* OIDAuthState+IOS.m in Sources */ = {isa = PBXBuildFile; fileRef = A1ED40C322CFC3C200588343 /* OIDAuthState+IOS.m */; };
		A1ED40CF22CFC3C200588343 /* OIDAuthState+IOS.h in Headers */ = {isa = PBXBuildFile; fileRef = A1ED40C422CFC3C200588343 /* OIDAuthState+IOS.h */; };
		A1ED40D022CFC3C200588343 /* AppAuth.h in Headers */ = {isa = PBXBuildFile; fileRef = A1ED40C522CFC3C200588343 /* AppAuth.h */; };
		A1ED40D122CFC3C200588343 /* OIDExternalUserAgentIOSCustomBrowser.m in Sources */ = {isa = PBXBuildFile; fileRef = A1ED40C622CFC3C200588343 /* OIDExternalUserAgentIOSCustomBrowser.m */; };
		A1ED40D222CFC3C200588343 /* OIDExternalUserAgentIOSCustomBrowser.m in Sources */ = {isa = PBXBuildFile; fileRef = A1ED40C622CFC3C200588343 /* OIDExternalUserAgentIOSCustomBrowser.m */; };
		A1ED40D322CFC3C200588343 /* OIDExternalUserAgentIOSCustomBrowser.m in Sources */ = {isa = PBXBuildFile; fileRef = A1ED40C622CFC3C200588343 /* OIDExternalUserAgentIOSCustomBrowser.m */; };
		A1ED40D422CFC3C200588343 /* OIDAuthorizationService+IOS.h in Headers */ = {isa = PBXBuildFile; fileRef = A1ED40C722CFC3C200588343 /* OIDAuthorizationService+IOS.h */; };
		A1ED40D722CFC8BE00588343 /* OIDAuthorizationService+EndSession.h in Headers */ = {isa = PBXBuildFile; fileRef = A1ED40D522CFC8BE00588343 /* OIDAuthorizationService+EndSession.h */; settings = {ATTRIBUTES = (Public, ); }; };
		A1ED40D822CFC8BE00588343 /* OIDAuthorizationService+EndSession.m in Sources */ = {isa = PBXBuildFile; fileRef = A1ED40D622CFC8BE00588343 /* OIDAuthorizationService+EndSession.m */; };
/* End PBXBuildFile section */

/* Begin PBXContainerItemProxy section */
		2F32CBD4229D42D6003A6768 /* PBXContainerItemProxy */ = {
			isa = PBXContainerItemProxy;
			containerPortal = 2F32CA15229D38D4003A6768 /* Project object */;
			proxyType = 1;
			remoteGlobalIDString = 2F32CA1D229D38D4003A6768;
			remoteInfo = "okta-oidc";
		};
		2F32CC9D229D6691003A6768 /* PBXContainerItemProxy */ = {
			isa = PBXContainerItemProxy;
			containerPortal = 2F32CA15229D38D4003A6768 /* Project object */;
			proxyType = 1;
			remoteGlobalIDString = 2F32CB9C229D422F003A6768;
			remoteInfo = Example;
		};
		2F32CCA5229D6B35003A6768 /* PBXContainerItemProxy */ = {
			isa = PBXContainerItemProxy;
			containerPortal = 2F32CA15229D38D4003A6768 /* Project object */;
			proxyType = 1;
			remoteGlobalIDString = 2F32CB9C229D422F003A6768;
			remoteInfo = Example;
		};
/* End PBXContainerItemProxy section */

/* Begin PBXCopyFilesBuildPhase section */
		2F32CCA9229D6B5A003A6768 /* Embed Frameworks */ = {
			isa = PBXCopyFilesBuildPhase;
			buildActionMask = 2147483647;
			dstPath = "";
			dstSubfolderSpec = 10;
			files = (
				2F32CCA8229D6B59003A6768 /* OktaOidc.framework in Embed Frameworks */,
			);
			name = "Embed Frameworks";
			runOnlyForDeploymentPostprocessing = 0;
		};
/* End PBXCopyFilesBuildPhase section */

/* Begin PBXFileReference section */
		2F32CA1E229D38D4003A6768 /* OktaOidc.framework */ = {isa = PBXFileReference; explicitFileType = wrapper.framework; includeInIndex = 0; path = OktaOidc.framework; sourceTree = BUILT_PRODUCTS_DIR; };
		2F32CAC1229D39DC003A6768 /* OktaOidc.podspec */ = {isa = PBXFileReference; lastKnownFileType = text; path = OktaOidc.podspec; sourceTree = "<group>"; };
		2F32CAC2229D39E3003A6768 /* README.md */ = {isa = PBXFileReference; lastKnownFileType = net.daringfireball.markdown; path = README.md; sourceTree = "<group>"; };
		2F32CAC5229D3A16003A6768 /* OIDAuthorizationService.h */ = {isa = PBXFileReference; fileEncoding = 4; lastKnownFileType = sourcecode.c.h; path = OIDAuthorizationService.h; sourceTree = "<group>"; };
		2F32CAC6229D3A16003A6768 /* OIDScopeUtilities.m */ = {isa = PBXFileReference; fileEncoding = 4; lastKnownFileType = sourcecode.c.objc; path = OIDScopeUtilities.m; sourceTree = "<group>"; };
		2F32CAC7229D3A16003A6768 /* OIDExternalUserAgentIOS.h */ = {isa = PBXFileReference; fileEncoding = 4; lastKnownFileType = sourcecode.c.h; path = OIDExternalUserAgentIOS.h; sourceTree = "<group>"; };
		2F32CAC8229D3A16003A6768 /* OIDFieldMapping.m */ = {isa = PBXFileReference; fileEncoding = 4; lastKnownFileType = sourcecode.c.objc; path = OIDFieldMapping.m; sourceTree = "<group>"; };
		2F32CAC9229D3A16003A6768 /* OIDTokenRequest.h */ = {isa = PBXFileReference; fileEncoding = 4; lastKnownFileType = sourcecode.c.h; path = OIDTokenRequest.h; sourceTree = "<group>"; };
		2F32CACA229D3A16003A6768 /* OIDRegistrationRequest.m */ = {isa = PBXFileReference; fileEncoding = 4; lastKnownFileType = sourcecode.c.objc; path = OIDRegistrationRequest.m; sourceTree = "<group>"; };
		2F32CACB229D3A16003A6768 /* AppAuthCore.h */ = {isa = PBXFileReference; fileEncoding = 4; lastKnownFileType = sourcecode.c.h; path = AppAuthCore.h; sourceTree = "<group>"; };
		2F32CACC229D3A16003A6768 /* OIDAuthStateChangeDelegate.h */ = {isa = PBXFileReference; fileEncoding = 4; lastKnownFileType = sourcecode.c.h; path = OIDAuthStateChangeDelegate.h; sourceTree = "<group>"; };
		2F32CACD229D3A16003A6768 /* OIDResponseTypes.h */ = {isa = PBXFileReference; fileEncoding = 4; lastKnownFileType = sourcecode.c.h; path = OIDResponseTypes.h; sourceTree = "<group>"; };
		2F32CACE229D3A16003A6768 /* OIDAuthorizationRequest.m */ = {isa = PBXFileReference; fileEncoding = 4; lastKnownFileType = sourcecode.c.objc; path = OIDAuthorizationRequest.m; sourceTree = "<group>"; };
		2F32CACF229D3A16003A6768 /* OIDScopes.m */ = {isa = PBXFileReference; fileEncoding = 4; lastKnownFileType = sourcecode.c.objc; path = OIDScopes.m; sourceTree = "<group>"; };
		2F32CAD0229D3A16003A6768 /* OIDError.m */ = {isa = PBXFileReference; fileEncoding = 4; lastKnownFileType = sourcecode.c.objc; path = OIDError.m; sourceTree = "<group>"; };
		2F32CAD1229D3A16003A6768 /* OIDExternalUserAgent.h */ = {isa = PBXFileReference; fileEncoding = 4; lastKnownFileType = sourcecode.c.h; path = OIDExternalUserAgent.h; sourceTree = "<group>"; };
		2F32CAD2229D3A16003A6768 /* OIDAuthState.m */ = {isa = PBXFileReference; fileEncoding = 4; lastKnownFileType = sourcecode.c.objc; path = OIDAuthState.m; sourceTree = "<group>"; };
		2F32CAD3229D3A16003A6768 /* OIDTokenResponse.h */ = {isa = PBXFileReference; fileEncoding = 4; lastKnownFileType = sourcecode.c.h; path = OIDTokenResponse.h; sourceTree = "<group>"; };
		2F32CAD4229D3A16003A6768 /* OIDTokenUtilities.h */ = {isa = PBXFileReference; fileEncoding = 4; lastKnownFileType = sourcecode.c.h; path = OIDTokenUtilities.h; sourceTree = "<group>"; };
		2F32CAD5229D3A16003A6768 /* OIDGrantTypes.m */ = {isa = PBXFileReference; fileEncoding = 4; lastKnownFileType = sourcecode.c.objc; path = OIDGrantTypes.m; sourceTree = "<group>"; };
		2F32CAD6229D3A16003A6768 /* OIDURLSessionProvider.m */ = {isa = PBXFileReference; fileEncoding = 4; lastKnownFileType = sourcecode.c.objc; path = OIDURLSessionProvider.m; sourceTree = "<group>"; };
		2F32CAD7229D3A16003A6768 /* OIDEndSessionRequest.h */ = {isa = PBXFileReference; fileEncoding = 4; lastKnownFileType = sourcecode.c.h; path = OIDEndSessionRequest.h; sourceTree = "<group>"; };
		2F32CAD8229D3A16003A6768 /* OIDServiceConfiguration.h */ = {isa = PBXFileReference; fileEncoding = 4; lastKnownFileType = sourcecode.c.h; path = OIDServiceConfiguration.h; sourceTree = "<group>"; };
		2F32CAD9229D3A16003A6768 /* OIDIDToken.m */ = {isa = PBXFileReference; fileEncoding = 4; lastKnownFileType = sourcecode.c.objc; path = OIDIDToken.m; sourceTree = "<group>"; };
		2F32CADA229D3A16003A6768 /* OIDServiceDiscovery.m */ = {isa = PBXFileReference; fileEncoding = 4; lastKnownFileType = sourcecode.c.objc; path = OIDServiceDiscovery.m; sourceTree = "<group>"; };
		2F32CADB229D3A16003A6768 /* OIDURLQueryComponent.h */ = {isa = PBXFileReference; fileEncoding = 4; lastKnownFileType = sourcecode.c.h; path = OIDURLQueryComponent.h; sourceTree = "<group>"; };
		2F32CADC229D3A16003A6768 /* OIDClientMetadataParameters.h */ = {isa = PBXFileReference; fileEncoding = 4; lastKnownFileType = sourcecode.c.h; path = OIDClientMetadataParameters.h; sourceTree = "<group>"; };
		2F32CADD229D3A16003A6768 /* OIDEndSessionResponse.h */ = {isa = PBXFileReference; fileEncoding = 4; lastKnownFileType = sourcecode.c.h; path = OIDEndSessionResponse.h; sourceTree = "<group>"; };
		2F32CADE229D3A16003A6768 /* OIDErrorUtilities.h */ = {isa = PBXFileReference; fileEncoding = 4; lastKnownFileType = sourcecode.c.h; path = OIDErrorUtilities.h; sourceTree = "<group>"; };
		2F32CADF229D3A16003A6768 /* OIDRegistrationResponse.h */ = {isa = PBXFileReference; fileEncoding = 4; lastKnownFileType = sourcecode.c.h; path = OIDRegistrationResponse.h; sourceTree = "<group>"; };
		2F32CAE0229D3A16003A6768 /* OIDAuthorizationResponse.h */ = {isa = PBXFileReference; fileEncoding = 4; lastKnownFileType = sourcecode.c.h; path = OIDAuthorizationResponse.h; sourceTree = "<group>"; };
		2F32CAE1229D3A16003A6768 /* OIDResponseTypes.m */ = {isa = PBXFileReference; fileEncoding = 4; lastKnownFileType = sourcecode.c.objc; path = OIDResponseTypes.m; sourceTree = "<group>"; };
		2F32CAE2229D3A16003A6768 /* OIDAuthorizationRequest.h */ = {isa = PBXFileReference; fileEncoding = 4; lastKnownFileType = sourcecode.c.h; path = OIDAuthorizationRequest.h; sourceTree = "<group>"; };
		2F32CAE3229D3A16003A6768 /* OIDRegistrationRequest.h */ = {isa = PBXFileReference; fileEncoding = 4; lastKnownFileType = sourcecode.c.h; path = OIDRegistrationRequest.h; sourceTree = "<group>"; };
		2F32CAE4229D3A16003A6768 /* OIDTokenRequest.m */ = {isa = PBXFileReference; fileEncoding = 4; lastKnownFileType = sourcecode.c.objc; path = OIDTokenRequest.m; sourceTree = "<group>"; };
		2F32CAE5229D3A16003A6768 /* OIDAuthStateErrorDelegate.h */ = {isa = PBXFileReference; fileEncoding = 4; lastKnownFileType = sourcecode.c.h; path = OIDAuthStateErrorDelegate.h; sourceTree = "<group>"; };
		2F32CAE6229D3A16003A6768 /* OIDExternalUserAgentIOS.m */ = {isa = PBXFileReference; fileEncoding = 4; lastKnownFileType = sourcecode.c.objc; path = OIDExternalUserAgentIOS.m; sourceTree = "<group>"; };
		2F32CAE7229D3A16003A6768 /* OIDFieldMapping.h */ = {isa = PBXFileReference; fileEncoding = 4; lastKnownFileType = sourcecode.c.h; path = OIDFieldMapping.h; sourceTree = "<group>"; };
		2F32CAE8229D3A16003A6768 /* OIDScopeUtilities.h */ = {isa = PBXFileReference; fileEncoding = 4; lastKnownFileType = sourcecode.c.h; path = OIDScopeUtilities.h; sourceTree = "<group>"; };
		2F32CAE9229D3A16003A6768 /* OIDAuthorizationService.m */ = {isa = PBXFileReference; fileEncoding = 4; lastKnownFileType = sourcecode.c.objc; path = OIDAuthorizationService.m; sourceTree = "<group>"; };
		2F32CAEA229D3A16003A6768 /* OIDAuthState.h */ = {isa = PBXFileReference; fileEncoding = 4; lastKnownFileType = sourcecode.c.h; path = OIDAuthState.h; sourceTree = "<group>"; };
		2F32CAEB229D3A16003A6768 /* OIDError.h */ = {isa = PBXFileReference; fileEncoding = 4; lastKnownFileType = sourcecode.c.h; path = OIDError.h; sourceTree = "<group>"; };
		2F32CAEC229D3A16003A6768 /* OIDScopes.h */ = {isa = PBXFileReference; fileEncoding = 4; lastKnownFileType = sourcecode.c.h; path = OIDScopes.h; sourceTree = "<group>"; };
		2F32CAED229D3A16003A6768 /* OIDDefines.h */ = {isa = PBXFileReference; fileEncoding = 4; lastKnownFileType = sourcecode.c.h; path = OIDDefines.h; sourceTree = "<group>"; };
		2F32CAEE229D3A16003A6768 /* OIDExternalUserAgentRequest.h */ = {isa = PBXFileReference; fileEncoding = 4; lastKnownFileType = sourcecode.c.h; path = OIDExternalUserAgentRequest.h; sourceTree = "<group>"; };
		2F32CAEF229D3A16003A6768 /* OIDEndSessionRequest.m */ = {isa = PBXFileReference; fileEncoding = 4; lastKnownFileType = sourcecode.c.objc; path = OIDEndSessionRequest.m; sourceTree = "<group>"; };
		2F32CAF0229D3A16003A6768 /* OIDURLSessionProvider.h */ = {isa = PBXFileReference; fileEncoding = 4; lastKnownFileType = sourcecode.c.h; path = OIDURLSessionProvider.h; sourceTree = "<group>"; };
		2F32CAF1229D3A16003A6768 /* OIDTokenUtilities.m */ = {isa = PBXFileReference; fileEncoding = 4; lastKnownFileType = sourcecode.c.objc; path = OIDTokenUtilities.m; sourceTree = "<group>"; };
		2F32CAF2229D3A16003A6768 /* OIDGrantTypes.h */ = {isa = PBXFileReference; fileEncoding = 4; lastKnownFileType = sourcecode.c.h; path = OIDGrantTypes.h; sourceTree = "<group>"; };
		2F32CAF3229D3A16003A6768 /* OIDTokenResponse.m */ = {isa = PBXFileReference; fileEncoding = 4; lastKnownFileType = sourcecode.c.objc; path = OIDTokenResponse.m; sourceTree = "<group>"; };
		2F32CAF4229D3A16003A6768 /* OIDRegistrationResponse.m */ = {isa = PBXFileReference; fileEncoding = 4; lastKnownFileType = sourcecode.c.objc; path = OIDRegistrationResponse.m; sourceTree = "<group>"; };
		2F32CAF5229D3A16003A6768 /* OIDAuthorizationResponse.m */ = {isa = PBXFileReference; fileEncoding = 4; lastKnownFileType = sourcecode.c.objc; path = OIDAuthorizationResponse.m; sourceTree = "<group>"; };
		2F32CAF6229D3A16003A6768 /* OIDErrorUtilities.m */ = {isa = PBXFileReference; fileEncoding = 4; lastKnownFileType = sourcecode.c.objc; path = OIDErrorUtilities.m; sourceTree = "<group>"; };
		2F32CAF7229D3A16003A6768 /* OktaOidc.h */ = {isa = PBXFileReference; fileEncoding = 4; lastKnownFileType = sourcecode.c.h; path = OktaOidc.h; sourceTree = "<group>"; };
		2F32CAF8229D3A16003A6768 /* OIDExternalUserAgentSession.h */ = {isa = PBXFileReference; fileEncoding = 4; lastKnownFileType = sourcecode.c.h; path = OIDExternalUserAgentSession.h; sourceTree = "<group>"; };
		2F32CAF9229D3A16003A6768 /* OIDEndSessionResponse.m */ = {isa = PBXFileReference; fileEncoding = 4; lastKnownFileType = sourcecode.c.objc; path = OIDEndSessionResponse.m; sourceTree = "<group>"; };
		2F32CAFA229D3A16003A6768 /* OIDClientMetadataParameters.m */ = {isa = PBXFileReference; fileEncoding = 4; lastKnownFileType = sourcecode.c.objc; path = OIDClientMetadataParameters.m; sourceTree = "<group>"; };
		2F32CAFB229D3A16003A6768 /* OIDServiceDiscovery.h */ = {isa = PBXFileReference; fileEncoding = 4; lastKnownFileType = sourcecode.c.h; path = OIDServiceDiscovery.h; sourceTree = "<group>"; };
		2F32CAFC229D3A16003A6768 /* OIDURLQueryComponent.m */ = {isa = PBXFileReference; fileEncoding = 4; lastKnownFileType = sourcecode.c.objc; path = OIDURLQueryComponent.m; sourceTree = "<group>"; };
		2F32CAFD229D3A16003A6768 /* OIDIDToken.h */ = {isa = PBXFileReference; fileEncoding = 4; lastKnownFileType = sourcecode.c.h; path = OIDIDToken.h; sourceTree = "<group>"; };
		2F32CAFE229D3A16003A6768 /* OIDServiceConfiguration.m */ = {isa = PBXFileReference; fileEncoding = 4; lastKnownFileType = sourcecode.c.objc; path = OIDServiceConfiguration.m; sourceTree = "<group>"; };
		2F32CB01229D3A16003A6768 /* OktaOidcSignIn.swift */ = {isa = PBXFileReference; fileEncoding = 4; lastKnownFileType = sourcecode.swift; path = OktaOidcSignIn.swift; sourceTree = "<group>"; };
		2F32CB02229D3A16003A6768 /* OktaOidcSignOut.swift */ = {isa = PBXFileReference; fileEncoding = 4; lastKnownFileType = sourcecode.swift; path = OktaOidcSignOut.swift; sourceTree = "<group>"; };
		2F32CB03229D3A16003A6768 /* OktaOidcAuthenticate.swift */ = {isa = PBXFileReference; fileEncoding = 4; lastKnownFileType = sourcecode.swift; path = OktaOidcAuthenticate.swift; sourceTree = "<group>"; };
		2F32CB04229D3A16003A6768 /* OktaOidcTask.swift */ = {isa = PBXFileReference; fileEncoding = 4; lastKnownFileType = sourcecode.swift; path = OktaOidcTask.swift; sourceTree = "<group>"; };
		2F32CB05229D3A16003A6768 /* OktaOidcUserSessionTask.swift */ = {isa = PBXFileReference; fileEncoding = 4; lastKnownFileType = sourcecode.swift; path = OktaOidcUserSessionTask.swift; sourceTree = "<group>"; };
		2F32CB06229D3A16003A6768 /* OktaOidcMetadataDiscovery.swift */ = {isa = PBXFileReference; fileEncoding = 4; lastKnownFileType = sourcecode.swift; path = OktaOidcMetadataDiscovery.swift; sourceTree = "<group>"; };
		2F32CB07229D3A16003A6768 /* OktaOidcStateManager.swift */ = {isa = PBXFileReference; fileEncoding = 4; lastKnownFileType = sourcecode.swift; path = OktaOidcStateManager.swift; sourceTree = "<group>"; };
		2F32CB08229D3A16003A6768 /* OktaOidcEndpoint.swift */ = {isa = PBXFileReference; fileEncoding = 4; lastKnownFileType = sourcecode.swift; path = OktaOidcEndpoint.swift; sourceTree = "<group>"; };
		2F32CB09229D3A16003A6768 /* OktaOidcUtils.swift */ = {isa = PBXFileReference; fileEncoding = 4; lastKnownFileType = sourcecode.swift; path = OktaOidcUtils.swift; sourceTree = "<group>"; };
		2F32CB0A229D3A16003A6768 /* OktaOidcKeychain.swift */ = {isa = PBXFileReference; fileEncoding = 4; lastKnownFileType = sourcecode.swift; path = OktaOidcKeychain.swift; sourceTree = "<group>"; };
		2F32CB0B229D3A16003A6768 /* OktaOidc.swift */ = {isa = PBXFileReference; fileEncoding = 4; lastKnownFileType = sourcecode.swift; path = OktaOidc.swift; sourceTree = "<group>"; };
		2F32CB0C229D3A16003A6768 /* OktaOidcRestApi.swift */ = {isa = PBXFileReference; fileEncoding = 4; lastKnownFileType = sourcecode.swift; path = OktaOidcRestApi.swift; sourceTree = "<group>"; };
		2F32CB0D229D3A16003A6768 /* OIDAuthorizationService+Okta.swift */ = {isa = PBXFileReference; fileEncoding = 4; lastKnownFileType = sourcecode.swift; path = "OIDAuthorizationService+Okta.swift"; sourceTree = "<group>"; };
		2F32CB0E229D3A16003A6768 /* OktaOidcConfig.swift */ = {isa = PBXFileReference; fileEncoding = 4; lastKnownFileType = sourcecode.swift; path = OktaOidcConfig.swift; sourceTree = "<group>"; };
		2F32CB0F229D3A16003A6768 /* OktaOidcError.swift */ = {isa = PBXFileReference; fileEncoding = 4; lastKnownFileType = sourcecode.swift; path = OktaOidcError.swift; sourceTree = "<group>"; };
		2F32CB10229D3A16003A6768 /* OIDAuthState+Okta.swift */ = {isa = PBXFileReference; fileEncoding = 4; lastKnownFileType = sourcecode.swift; path = "OIDAuthState+Okta.swift"; sourceTree = "<group>"; };
		2F32CB5C229D3AA8003A6768 /* Info.plist */ = {isa = PBXFileReference; fileEncoding = 4; lastKnownFileType = text.plist.xml; path = Info.plist; sourceTree = "<group>"; };
		2F32CB9D229D422F003A6768 /* Example.app */ = {isa = PBXFileReference; explicitFileType = wrapper.application; includeInIndex = 0; path = Example.app; sourceTree = BUILT_PRODUCTS_DIR; };
		2F32CBB0229D427A003A6768 /* AuthViewController.swift */ = {isa = PBXFileReference; fileEncoding = 4; lastKnownFileType = sourcecode.swift; path = AuthViewController.swift; sourceTree = "<group>"; };
		2F32CBB1229D427A003A6768 /* ViewController.swift */ = {isa = PBXFileReference; fileEncoding = 4; lastKnownFileType = sourcecode.swift; path = ViewController.swift; sourceTree = "<group>"; };
		2F32CBB4229D427A003A6768 /* Base */ = {isa = PBXFileReference; lastKnownFileType = file.storyboard; name = Base; path = Base.lproj/LaunchScreen.storyboard; sourceTree = "<group>"; };
		2F32CBB8229D427A003A6768 /* Base */ = {isa = PBXFileReference; lastKnownFileType = file.storyboard; name = Base; path = Base.lproj/Main.storyboard; sourceTree = "<group>"; };
		2F32CBB9229D427A003A6768 /* Images.xcassets */ = {isa = PBXFileReference; lastKnownFileType = folder.assetcatalog; path = Images.xcassets; sourceTree = "<group>"; };
		2F32CBBA229D427A003A6768 /* Okta.plist */ = {isa = PBXFileReference; fileEncoding = 4; lastKnownFileType = text.plist.xml; path = Okta.plist; sourceTree = "<group>"; };
		2F32CBBB229D427A003A6768 /* AppDelegate.swift */ = {isa = PBXFileReference; fileEncoding = 4; lastKnownFileType = sourcecode.swift; path = AppDelegate.swift; sourceTree = "<group>"; };
		2F32CBBC229D427A003A6768 /* Info.plist */ = {isa = PBXFileReference; fileEncoding = 4; lastKnownFileType = text.plist.xml; path = Info.plist; sourceTree = "<group>"; };
		2F32CBDA229D4CE9003A6768 /* OktaOidcTests.xctest */ = {isa = PBXFileReference; explicitFileType = wrapper.cfbundle; includeInIndex = 0; path = OktaOidcTests.xctest; sourceTree = BUILT_PRODUCTS_DIR; };
		2F32CBE6229D4CF8003A6768 /* OktaOidcEndpointTests.swift */ = {isa = PBXFileReference; fileEncoding = 4; lastKnownFileType = sourcecode.swift; path = OktaOidcEndpointTests.swift; sourceTree = "<group>"; };
		2F32CBE7229D4CF8003A6768 /* OktaOidcApiMock.swift */ = {isa = PBXFileReference; fileEncoding = 4; lastKnownFileType = sourcecode.swift; path = OktaOidcApiMock.swift; sourceTree = "<group>"; };
		2F32CBE9229D4CF8003A6768 /* OIDServiceDiscoveryTests.h */ = {isa = PBXFileReference; fileEncoding = 4; lastKnownFileType = sourcecode.c.h; path = OIDServiceDiscoveryTests.h; sourceTree = "<group>"; };
		2F32CBEA229D4CF8003A6768 /* OIDURLSessionProviderTests.m */ = {isa = PBXFileReference; fileEncoding = 4; lastKnownFileType = sourcecode.c.objc; path = OIDURLSessionProviderTests.m; sourceTree = "<group>"; };
		2F32CBEB229D4CF8003A6768 /* OIDAuthorizationRequestTests.m */ = {isa = PBXFileReference; fileEncoding = 4; lastKnownFileType = sourcecode.c.objc; path = OIDAuthorizationRequestTests.m; sourceTree = "<group>"; };
		2F32CBEC229D4CF8003A6768 /* OIDAuthorizationResponseTests.m */ = {isa = PBXFileReference; fileEncoding = 4; lastKnownFileType = sourcecode.c.objc; path = OIDAuthorizationResponseTests.m; sourceTree = "<group>"; };
		2F32CBED229D4CF8003A6768 /* OIDRegistrationRequestTests.m */ = {isa = PBXFileReference; fileEncoding = 4; lastKnownFileType = sourcecode.c.objc; path = OIDRegistrationRequestTests.m; sourceTree = "<group>"; };
		2F32CBEE229D4CF8003A6768 /* OIDScopesTests.m */ = {isa = PBXFileReference; fileEncoding = 4; lastKnownFileType = sourcecode.c.objc; path = OIDScopesTests.m; sourceTree = "<group>"; };
		2F32CBEF229D4CF8003A6768 /* OIDAuthStateTests.h */ = {isa = PBXFileReference; fileEncoding = 4; lastKnownFileType = sourcecode.c.h; path = OIDAuthStateTests.h; sourceTree = "<group>"; };
		2F32CBF0229D4CF8003A6768 /* OIDRegistrationResponseTests.m */ = {isa = PBXFileReference; fileEncoding = 4; lastKnownFileType = sourcecode.c.objc; path = OIDRegistrationResponseTests.m; sourceTree = "<group>"; };
		2F32CBF1229D4CF8003A6768 /* OIDURLQueryComponentTests.m */ = {isa = PBXFileReference; fileEncoding = 4; lastKnownFileType = sourcecode.c.objc; path = OIDURLQueryComponentTests.m; sourceTree = "<group>"; };
		2F32CBF2229D4CF8003A6768 /* OIDRPProfileCode.h */ = {isa = PBXFileReference; fileEncoding = 4; lastKnownFileType = sourcecode.c.h; path = OIDRPProfileCode.h; sourceTree = "<group>"; };
		2F32CBF3229D4CF8003A6768 /* OIDTokenRequestTests.h */ = {isa = PBXFileReference; fileEncoding = 4; lastKnownFileType = sourcecode.c.h; path = OIDTokenRequestTests.h; sourceTree = "<group>"; };
		2F32CBF4229D4CF8003A6768 /* OIDServiceConfigurationTests.m */ = {isa = PBXFileReference; fileEncoding = 4; lastKnownFileType = sourcecode.c.objc; path = OIDServiceConfigurationTests.m; sourceTree = "<group>"; };
		2F32CBF5229D4CF8003A6768 /* OIDGrantTypesTests.m */ = {isa = PBXFileReference; fileEncoding = 4; lastKnownFileType = sourcecode.c.objc; path = OIDGrantTypesTests.m; sourceTree = "<group>"; };
		2F32CBF6229D4CF8003A6768 /* OIDTokenResponseTests.m */ = {isa = PBXFileReference; fileEncoding = 4; lastKnownFileType = sourcecode.c.objc; path = OIDTokenResponseTests.m; sourceTree = "<group>"; };
		2F32CBF7229D4CF8003A6768 /* OIDEndSessionRequestTests.m */ = {isa = PBXFileReference; fileEncoding = 4; lastKnownFileType = sourcecode.c.objc; path = OIDEndSessionRequestTests.m; sourceTree = "<group>"; };
		2F32CBF8229D4CF8003A6768 /* OIDAuthorizationResponseTests.h */ = {isa = PBXFileReference; fileEncoding = 4; lastKnownFileType = sourcecode.c.h; path = OIDAuthorizationResponseTests.h; sourceTree = "<group>"; };
		2F32CBF9229D4CF8003A6768 /* OIDTokenUtilitiesTests.m */ = {isa = PBXFileReference; fileEncoding = 4; lastKnownFileType = sourcecode.c.objc; path = OIDTokenUtilitiesTests.m; sourceTree = "<group>"; };
		2F32CBFA229D4CF8003A6768 /* OIDAuthorizationRequestTests.h */ = {isa = PBXFileReference; fileEncoding = 4; lastKnownFileType = sourcecode.c.h; path = OIDAuthorizationRequestTests.h; sourceTree = "<group>"; };
		2F32CBFB229D4CF8003A6768 /* OIDSwiftTests.swift */ = {isa = PBXFileReference; fileEncoding = 4; lastKnownFileType = sourcecode.swift; path = OIDSwiftTests.swift; sourceTree = "<group>"; };
		2F32CBFC229D4CF8003A6768 /* OIDServiceDiscoveryTests.m */ = {isa = PBXFileReference; fileEncoding = 4; lastKnownFileType = sourcecode.c.objc; path = OIDServiceDiscoveryTests.m; sourceTree = "<group>"; };
		2F32CBFD229D4CF8003A6768 /* OIDAuthStateTests.m */ = {isa = PBXFileReference; fileEncoding = 4; lastKnownFileType = sourcecode.c.objc; path = OIDAuthStateTests.m; sourceTree = "<group>"; };
		2F32CBFE229D4CF8003A6768 /* OIDRegistrationRequestTests.h */ = {isa = PBXFileReference; fileEncoding = 4; lastKnownFileType = sourcecode.c.h; path = OIDRegistrationRequestTests.h; sourceTree = "<group>"; };
		2F32CBFF229D4CF8003A6768 /* OIDResponseTypesTests.m */ = {isa = PBXFileReference; fileEncoding = 4; lastKnownFileType = sourcecode.c.objc; path = OIDResponseTypesTests.m; sourceTree = "<group>"; };
		2F32CC00229D4CF8003A6768 /* OIDRPProfileCode.m */ = {isa = PBXFileReference; fileEncoding = 4; lastKnownFileType = sourcecode.c.objc; path = OIDRPProfileCode.m; sourceTree = "<group>"; };
		2F32CC01229D4CF8003A6768 /* OIDTokenRequestTests.m */ = {isa = PBXFileReference; fileEncoding = 4; lastKnownFileType = sourcecode.c.objc; path = OIDTokenRequestTests.m; sourceTree = "<group>"; };
		2F32CC02229D4CF8003A6768 /* OIDURLQueryComponentTests.h */ = {isa = PBXFileReference; fileEncoding = 4; lastKnownFileType = sourcecode.c.h; path = OIDURLQueryComponentTests.h; sourceTree = "<group>"; };
		2F32CC03229D4CF8003A6768 /* OIDRegistrationResponseTests.h */ = {isa = PBXFileReference; fileEncoding = 4; lastKnownFileType = sourcecode.c.h; path = OIDRegistrationResponseTests.h; sourceTree = "<group>"; };
		2F32CC04229D4CF8003A6768 /* OIDTokenResponseTests.h */ = {isa = PBXFileReference; fileEncoding = 4; lastKnownFileType = sourcecode.c.h; path = OIDTokenResponseTests.h; sourceTree = "<group>"; };
		2F32CC05229D4CF8003A6768 /* OIDEndSessionRequestTests.h */ = {isa = PBXFileReference; fileEncoding = 4; lastKnownFileType = sourcecode.c.h; path = OIDEndSessionRequestTests.h; sourceTree = "<group>"; };
		2F32CC06229D4CF8003A6768 /* OIDAppAuthTests-Bridging-Header.h */ = {isa = PBXFileReference; fileEncoding = 4; lastKnownFileType = sourcecode.c.h; path = "OIDAppAuthTests-Bridging-Header.h"; sourceTree = "<group>"; };
		2F32CC07229D4CF8003A6768 /* OIDServiceConfigurationTests.h */ = {isa = PBXFileReference; fileEncoding = 4; lastKnownFileType = sourcecode.c.h; path = OIDServiceConfigurationTests.h; sourceTree = "<group>"; };
		2F32CC08229D4CF8003A6768 /* OIDURLQueryComponentTestsIOS7.m */ = {isa = PBXFileReference; fileEncoding = 4; lastKnownFileType = sourcecode.c.objc; path = OIDURLQueryComponentTestsIOS7.m; sourceTree = "<group>"; };
		2F32CC09229D4CF8003A6768 /* OktaOidcTests.swift */ = {isa = PBXFileReference; fileEncoding = 4; lastKnownFileType = sourcecode.swift; path = OktaOidcTests.swift; sourceTree = "<group>"; };
		2F32CC0A229D4CF8003A6768 /* OktaOidcStateManagerTests.swift */ = {isa = PBXFileReference; fileEncoding = 4; lastKnownFileType = sourcecode.swift; path = OktaOidcStateManagerTests.swift; sourceTree = "<group>"; };
		2F32CC0B229D4CF8003A6768 /* OktaOidcUtilsTests.swift */ = {isa = PBXFileReference; fileEncoding = 4; lastKnownFileType = sourcecode.swift; path = OktaOidcUtilsTests.swift; sourceTree = "<group>"; };
		2F32CC0C229D4CF8003A6768 /* OktaOidcKeychainTests.swift */ = {isa = PBXFileReference; fileEncoding = 4; lastKnownFileType = sourcecode.swift; path = OktaOidcKeychainTests.swift; sourceTree = "<group>"; };
		2F32CC0D229D4CF8003A6768 /* OktaOidcDiscoveryTaskTests.swift */ = {isa = PBXFileReference; fileEncoding = 4; lastKnownFileType = sourcecode.swift; path = OktaOidcDiscoveryTaskTests.swift; sourceTree = "<group>"; };
		2F32CC0E229D4CF8003A6768 /* Info.plist */ = {isa = PBXFileReference; fileEncoding = 4; lastKnownFileType = text.plist.xml; path = Info.plist; sourceTree = "<group>"; };
		2F32CC0F229D4CF8003A6768 /* TestUtils.swift */ = {isa = PBXFileReference; fileEncoding = 4; lastKnownFileType = sourcecode.swift; path = TestUtils.swift; sourceTree = "<group>"; };
		2F32CC10229D4CF8003A6768 /* OktaOidcConfigTests.swift */ = {isa = PBXFileReference; fileEncoding = 4; lastKnownFileType = sourcecode.swift; path = OktaOidcConfigTests.swift; sourceTree = "<group>"; };
		2F32CC7F229D4FC0003A6768 /* OktaOidcUITests.xctest */ = {isa = PBXFileReference; explicitFileType = wrapper.cfbundle; includeInIndex = 0; path = OktaOidcUITests.xctest; sourceTree = BUILT_PRODUCTS_DIR; };
		2F32CC8A229D4FCD003A6768 /* Okta_UITests.swift */ = {isa = PBXFileReference; fileEncoding = 4; lastKnownFileType = sourcecode.swift; path = Okta_UITests.swift; sourceTree = "<group>"; };
		2F32CC8B229D4FCD003A6768 /* Info.plist */ = {isa = PBXFileReference; fileEncoding = 4; lastKnownFileType = text.plist.xml; path = Info.plist; sourceTree = "<group>"; };
		2F32CC8C229D4FCD003A6768 /* UITestUtils.swift */ = {isa = PBXFileReference; fileEncoding = 4; lastKnownFileType = sourcecode.swift; path = UITestUtils.swift; sourceTree = "<group>"; };
		A1A5FC1522D01216008F9511 /* OktaUserAgent.h */ = {isa = PBXFileReference; lastKnownFileType = sourcecode.c.h; path = OktaUserAgent.h; sourceTree = "<group>"; };
		A1A5FC1622D01216008F9511 /* OktaUserAgent.m */ = {isa = PBXFileReference; lastKnownFileType = sourcecode.c.objc; path = OktaUserAgent.m; sourceTree = "<group>"; };
		A1ED40C122CFC3C200588343 /* OIDExternalUserAgentIOSCustomBrowser.h */ = {isa = PBXFileReference; fileEncoding = 4; lastKnownFileType = sourcecode.c.h; path = OIDExternalUserAgentIOSCustomBrowser.h; sourceTree = "<group>"; };
		A1ED40C222CFC3C200588343 /* OIDAuthorizationService+IOS.m */ = {isa = PBXFileReference; fileEncoding = 4; lastKnownFileType = sourcecode.c.objc; path = "OIDAuthorizationService+IOS.m"; sourceTree = "<group>"; };
		A1ED40C322CFC3C200588343 /* OIDAuthState+IOS.m */ = {isa = PBXFileReference; fileEncoding = 4; lastKnownFileType = sourcecode.c.objc; path = "OIDAuthState+IOS.m"; sourceTree = "<group>"; };
		A1ED40C422CFC3C200588343 /* OIDAuthState+IOS.h */ = {isa = PBXFileReference; fileEncoding = 4; lastKnownFileType = sourcecode.c.h; path = "OIDAuthState+IOS.h"; sourceTree = "<group>"; };
		A1ED40C522CFC3C200588343 /* AppAuth.h */ = {isa = PBXFileReference; fileEncoding = 4; lastKnownFileType = sourcecode.c.h; path = AppAuth.h; sourceTree = "<group>"; };
		A1ED40C622CFC3C200588343 /* OIDExternalUserAgentIOSCustomBrowser.m */ = {isa = PBXFileReference; fileEncoding = 4; lastKnownFileType = sourcecode.c.objc; path = OIDExternalUserAgentIOSCustomBrowser.m; sourceTree = "<group>"; };
		A1ED40C722CFC3C200588343 /* OIDAuthorizationService+IOS.h */ = {isa = PBXFileReference; fileEncoding = 4; lastKnownFileType = sourcecode.c.h; path = "OIDAuthorizationService+IOS.h"; sourceTree = "<group>"; };
		A1ED40D522CFC8BE00588343 /* OIDAuthorizationService+EndSession.h */ = {isa = PBXFileReference; lastKnownFileType = sourcecode.c.h; path = "OIDAuthorizationService+EndSession.h"; sourceTree = "<group>"; };
		A1ED40D622CFC8BE00588343 /* OIDAuthorizationService+EndSession.m */ = {isa = PBXFileReference; lastKnownFileType = sourcecode.c.objc; path = "OIDAuthorizationService+EndSession.m"; sourceTree = "<group>"; };
/* End PBXFileReference section */

/* Begin PBXFrameworksBuildPhase section */
		2F32CA1B229D38D4003A6768 /* Frameworks */ = {
			isa = PBXFrameworksBuildPhase;
			buildActionMask = 2147483647;
			files = (
			);
			runOnlyForDeploymentPostprocessing = 0;
		};
		2F32CB9A229D422F003A6768 /* Frameworks */ = {
			isa = PBXFrameworksBuildPhase;
			buildActionMask = 2147483647;
			files = (
				2F32CCA3229D6801003A6768 /* OktaOidc.framework in Frameworks */,
			);
			runOnlyForDeploymentPostprocessing = 0;
		};
		2F32CBD7229D4CE9003A6768 /* Frameworks */ = {
			isa = PBXFrameworksBuildPhase;
			buildActionMask = 2147483647;
			files = (
			);
			runOnlyForDeploymentPostprocessing = 0;
		};
		2F32CC7C229D4FC0003A6768 /* Frameworks */ = {
			isa = PBXFrameworksBuildPhase;
			buildActionMask = 2147483647;
			files = (
				2F32CCA4229D6A4E003A6768 /* OktaOidc.framework in Frameworks */,
			);
			runOnlyForDeploymentPostprocessing = 0;
		};
/* End PBXFrameworksBuildPhase section */

/* Begin PBXGroup section */
		2F32CA14229D38D4003A6768 = {
			isa = PBXGroup;
			children = (
				2F32CAC1229D39DC003A6768 /* OktaOidc.podspec */,
				2F32CAC2229D39E3003A6768 /* README.md */,
				2F32CA20229D38D4003A6768 /* okta-oidc */,
				2F32CBAF229D427A003A6768 /* Example */,
				2F32CBE5229D4CF8003A6768 /* Tests */,
				2F32CC89229D4FCD003A6768 /* UITests */,
				2F32CA1F229D38D4003A6768 /* Products */,
				2F32CBD2229D42D0003A6768 /* Frameworks */,
			);
			sourceTree = "<group>";
		};
		2F32CA1F229D38D4003A6768 /* Products */ = {
			isa = PBXGroup;
			children = (
				2F32CA1E229D38D4003A6768 /* OktaOidc.framework */,
				2F32CB9D229D422F003A6768 /* Example.app */,
				2F32CBDA229D4CE9003A6768 /* OktaOidcTests.xctest */,
				2F32CC7F229D4FC0003A6768 /* OktaOidcUITests.xctest */,
			);
			name = Products;
			sourceTree = "<group>";
		};
		2F32CA20229D38D4003A6768 /* okta-oidc */ = {
			isa = PBXGroup;
			children = (
				2F32CAC3229D3A16003A6768 /* Okta */,
				2F32CB5B229D3AA8003A6768 /* Resources */,
			);
			path = "okta-oidc";
			sourceTree = "<group>";
		};
		2F32CAC3229D3A16003A6768 /* Okta */ = {
			isa = PBXGroup;
			children = (
				2F32CAC4229D3A16003A6768 /* AppAuth */,
				2F32CAFF229D3A16003A6768 /* OktaOidc */,
			);
			path = Okta;
			sourceTree = SOURCE_ROOT;
		};
		2F32CAC4229D3A16003A6768 /* AppAuth */ = {
			isa = PBXGroup;
			children = (
				A1ED40C522CFC3C200588343 /* AppAuth.h */,
				A1ED40C722CFC3C200588343 /* OIDAuthorizationService+IOS.h */,
				A1ED40C222CFC3C200588343 /* OIDAuthorizationService+IOS.m */,
				A1ED40C422CFC3C200588343 /* OIDAuthState+IOS.h */,
				A1ED40C322CFC3C200588343 /* OIDAuthState+IOS.m */,
				A1ED40C122CFC3C200588343 /* OIDExternalUserAgentIOSCustomBrowser.h */,
				A1ED40C622CFC3C200588343 /* OIDExternalUserAgentIOSCustomBrowser.m */,
				2F32CAF7229D3A16003A6768 /* OktaOidc.h */,
				2F32CAC5229D3A16003A6768 /* OIDAuthorizationService.h */,
				2F32CAC6229D3A16003A6768 /* OIDScopeUtilities.m */,
				2F32CAC7229D3A16003A6768 /* OIDExternalUserAgentIOS.h */,
				2F32CAC8229D3A16003A6768 /* OIDFieldMapping.m */,
				2F32CAC9229D3A16003A6768 /* OIDTokenRequest.h */,
				2F32CACA229D3A16003A6768 /* OIDRegistrationRequest.m */,
				2F32CACB229D3A16003A6768 /* AppAuthCore.h */,
				2F32CACC229D3A16003A6768 /* OIDAuthStateChangeDelegate.h */,
				2F32CACD229D3A16003A6768 /* OIDResponseTypes.h */,
				2F32CACE229D3A16003A6768 /* OIDAuthorizationRequest.m */,
				2F32CACF229D3A16003A6768 /* OIDScopes.m */,
				2F32CAD0229D3A16003A6768 /* OIDError.m */,
				2F32CAD1229D3A16003A6768 /* OIDExternalUserAgent.h */,
				2F32CAD2229D3A16003A6768 /* OIDAuthState.m */,
				2F32CAD3229D3A16003A6768 /* OIDTokenResponse.h */,
				2F32CAD4229D3A16003A6768 /* OIDTokenUtilities.h */,
				2F32CAD5229D3A16003A6768 /* OIDGrantTypes.m */,
				2F32CAD6229D3A16003A6768 /* OIDURLSessionProvider.m */,
				2F32CAD7229D3A16003A6768 /* OIDEndSessionRequest.h */,
				2F32CAD8229D3A16003A6768 /* OIDServiceConfiguration.h */,
				2F32CAD9229D3A16003A6768 /* OIDIDToken.m */,
				2F32CADA229D3A16003A6768 /* OIDServiceDiscovery.m */,
				2F32CADB229D3A16003A6768 /* OIDURLQueryComponent.h */,
				2F32CADC229D3A16003A6768 /* OIDClientMetadataParameters.h */,
				2F32CADD229D3A16003A6768 /* OIDEndSessionResponse.h */,
				2F32CADE229D3A16003A6768 /* OIDErrorUtilities.h */,
				2F32CADF229D3A16003A6768 /* OIDRegistrationResponse.h */,
				2F32CAE0229D3A16003A6768 /* OIDAuthorizationResponse.h */,
				2F32CAE1229D3A16003A6768 /* OIDResponseTypes.m */,
				2F32CAE2229D3A16003A6768 /* OIDAuthorizationRequest.h */,
				2F32CAE3229D3A16003A6768 /* OIDRegistrationRequest.h */,
				2F32CAE4229D3A16003A6768 /* OIDTokenRequest.m */,
				2F32CAE5229D3A16003A6768 /* OIDAuthStateErrorDelegate.h */,
				2F32CAE6229D3A16003A6768 /* OIDExternalUserAgentIOS.m */,
				2F32CAE7229D3A16003A6768 /* OIDFieldMapping.h */,
				2F32CAE8229D3A16003A6768 /* OIDScopeUtilities.h */,
				2F32CAE9229D3A16003A6768 /* OIDAuthorizationService.m */,
				2F32CAEA229D3A16003A6768 /* OIDAuthState.h */,
				2F32CAEB229D3A16003A6768 /* OIDError.h */,
				2F32CAEC229D3A16003A6768 /* OIDScopes.h */,
				2F32CAED229D3A16003A6768 /* OIDDefines.h */,
				2F32CAEE229D3A16003A6768 /* OIDExternalUserAgentRequest.h */,
				2F32CAEF229D3A16003A6768 /* OIDEndSessionRequest.m */,
				2F32CAF0229D3A16003A6768 /* OIDURLSessionProvider.h */,
				2F32CAF1229D3A16003A6768 /* OIDTokenUtilities.m */,
				2F32CAF2229D3A16003A6768 /* OIDGrantTypes.h */,
				2F32CAF3229D3A16003A6768 /* OIDTokenResponse.m */,
				2F32CAF4229D3A16003A6768 /* OIDRegistrationResponse.m */,
				2F32CAF5229D3A16003A6768 /* OIDAuthorizationResponse.m */,
				2F32CAF6229D3A16003A6768 /* OIDErrorUtilities.m */,
				2F32CAF8229D3A16003A6768 /* OIDExternalUserAgentSession.h */,
				2F32CAF9229D3A16003A6768 /* OIDEndSessionResponse.m */,
				2F32CAFA229D3A16003A6768 /* OIDClientMetadataParameters.m */,
				2F32CAFB229D3A16003A6768 /* OIDServiceDiscovery.h */,
				2F32CAFC229D3A16003A6768 /* OIDURLQueryComponent.m */,
				2F32CAFD229D3A16003A6768 /* OIDIDToken.h */,
				2F32CAFE229D3A16003A6768 /* OIDServiceConfiguration.m */,
			);
			path = AppAuth;
			sourceTree = "<group>";
		};
		2F32CAFF229D3A16003A6768 /* OktaOidc */ = {
			isa = PBXGroup;
			children = (
				2F32CB00229D3A16003A6768 /* Tasks */,
				2F32CB07229D3A16003A6768 /* OktaOidcStateManager.swift */,
				2F32CB08229D3A16003A6768 /* OktaOidcEndpoint.swift */,
				2F32CB09229D3A16003A6768 /* OktaOidcUtils.swift */,
				2F32CB0A229D3A16003A6768 /* OktaOidcKeychain.swift */,
				2F32CB0B229D3A16003A6768 /* OktaOidc.swift */,
				2F32CB0C229D3A16003A6768 /* OktaOidcRestApi.swift */,
				2F32CB0D229D3A16003A6768 /* OIDAuthorizationService+Okta.swift */,
				2F32CB0E229D3A16003A6768 /* OktaOidcConfig.swift */,
				2F32CB0F229D3A16003A6768 /* OktaOidcError.swift */,
				2F32CB10229D3A16003A6768 /* OIDAuthState+Okta.swift */,
				A1A5FC1522D01216008F9511 /* OktaUserAgent.h */,
				A1A5FC1622D01216008F9511 /* OktaUserAgent.m */,
				A1ED40D522CFC8BE00588343 /* OIDAuthorizationService+EndSession.h */,
				A1ED40D622CFC8BE00588343 /* OIDAuthorizationService+EndSession.m */,
			);
			path = OktaOidc;
			sourceTree = "<group>";
		};
		2F32CB00229D3A16003A6768 /* Tasks */ = {
			isa = PBXGroup;
			children = (
				2F32CB01229D3A16003A6768 /* OktaOidcSignIn.swift */,
				2F32CB02229D3A16003A6768 /* OktaOidcSignOut.swift */,
				2F32CB03229D3A16003A6768 /* OktaOidcAuthenticate.swift */,
				2F32CB04229D3A16003A6768 /* OktaOidcTask.swift */,
				2F32CB05229D3A16003A6768 /* OktaOidcUserSessionTask.swift */,
				2F32CB06229D3A16003A6768 /* OktaOidcMetadataDiscovery.swift */,
			);
			path = Tasks;
			sourceTree = "<group>";
		};
		2F32CB5B229D3AA8003A6768 /* Resources */ = {
			isa = PBXGroup;
			children = (
				2F32CB5C229D3AA8003A6768 /* Info.plist */,
			);
			name = Resources;
			path = "okta-oidc/Resources";
			sourceTree = SOURCE_ROOT;
		};
		2F32CBAF229D427A003A6768 /* Example */ = {
			isa = PBXGroup;
			children = (
				2F32CBBB229D427A003A6768 /* AppDelegate.swift */,
				2F32CBB1229D427A003A6768 /* ViewController.swift */,
				2F32CBB0229D427A003A6768 /* AuthViewController.swift */,
				2F32CBB3229D427A003A6768 /* LaunchScreen.storyboard */,
				2F32CBB7229D427A003A6768 /* Main.storyboard */,
				2F32CBB9229D427A003A6768 /* Images.xcassets */,
				2F32CBBA229D427A003A6768 /* Okta.plist */,
				2F32CBBC229D427A003A6768 /* Info.plist */,
			);
			path = Example;
			sourceTree = "<group>";
		};
		2F32CBD2229D42D0003A6768 /* Frameworks */ = {
			isa = PBXGroup;
			children = (
			);
			name = Frameworks;
			sourceTree = "<group>";
		};
		2F32CBE5229D4CF8003A6768 /* Tests */ = {
			isa = PBXGroup;
			children = (
				2F32CBE8229D4CF8003A6768 /* AppAuthTests */,
				2F32CC09229D4CF8003A6768 /* OktaOidcTests.swift */,
				2F32CC0A229D4CF8003A6768 /* OktaOidcStateManagerTests.swift */,
				2F32CBE6229D4CF8003A6768 /* OktaOidcEndpointTests.swift */,
				2F32CC0C229D4CF8003A6768 /* OktaOidcKeychainTests.swift */,
				2F32CC0D229D4CF8003A6768 /* OktaOidcDiscoveryTaskTests.swift */,
				2F32CC10229D4CF8003A6768 /* OktaOidcConfigTests.swift */,
				2F32CC0B229D4CF8003A6768 /* OktaOidcUtilsTests.swift */,
				2F32CC0E229D4CF8003A6768 /* Info.plist */,
				2F32CBE7229D4CF8003A6768 /* OktaOidcApiMock.swift */,
				2F32CC0F229D4CF8003A6768 /* TestUtils.swift */,
			);
			path = Tests;
			sourceTree = "<group>";
		};
		2F32CBE8229D4CF8003A6768 /* AppAuthTests */ = {
			isa = PBXGroup;
			children = (
				2F32CBE9229D4CF8003A6768 /* OIDServiceDiscoveryTests.h */,
				2F32CBEA229D4CF8003A6768 /* OIDURLSessionProviderTests.m */,
				2F32CBEB229D4CF8003A6768 /* OIDAuthorizationRequestTests.m */,
				2F32CBEC229D4CF8003A6768 /* OIDAuthorizationResponseTests.m */,
				2F32CBED229D4CF8003A6768 /* OIDRegistrationRequestTests.m */,
				2F32CBEE229D4CF8003A6768 /* OIDScopesTests.m */,
				2F32CBEF229D4CF8003A6768 /* OIDAuthStateTests.h */,
				2F32CBF0229D4CF8003A6768 /* OIDRegistrationResponseTests.m */,
				2F32CBF1229D4CF8003A6768 /* OIDURLQueryComponentTests.m */,
				2F32CBF2229D4CF8003A6768 /* OIDRPProfileCode.h */,
				2F32CBF3229D4CF8003A6768 /* OIDTokenRequestTests.h */,
				2F32CBF4229D4CF8003A6768 /* OIDServiceConfigurationTests.m */,
				2F32CBF5229D4CF8003A6768 /* OIDGrantTypesTests.m */,
				2F32CBF6229D4CF8003A6768 /* OIDTokenResponseTests.m */,
				2F32CBF7229D4CF8003A6768 /* OIDEndSessionRequestTests.m */,
				2F32CBF8229D4CF8003A6768 /* OIDAuthorizationResponseTests.h */,
				2F32CBF9229D4CF8003A6768 /* OIDTokenUtilitiesTests.m */,
				2F32CBFA229D4CF8003A6768 /* OIDAuthorizationRequestTests.h */,
				2F32CBFB229D4CF8003A6768 /* OIDSwiftTests.swift */,
				2F32CBFC229D4CF8003A6768 /* OIDServiceDiscoveryTests.m */,
				2F32CBFD229D4CF8003A6768 /* OIDAuthStateTests.m */,
				2F32CBFE229D4CF8003A6768 /* OIDRegistrationRequestTests.h */,
				2F32CBFF229D4CF8003A6768 /* OIDResponseTypesTests.m */,
				2F32CC00229D4CF8003A6768 /* OIDRPProfileCode.m */,
				2F32CC01229D4CF8003A6768 /* OIDTokenRequestTests.m */,
				2F32CC02229D4CF8003A6768 /* OIDURLQueryComponentTests.h */,
				2F32CC03229D4CF8003A6768 /* OIDRegistrationResponseTests.h */,
				2F32CC04229D4CF8003A6768 /* OIDTokenResponseTests.h */,
				2F32CC05229D4CF8003A6768 /* OIDEndSessionRequestTests.h */,
				2F32CC06229D4CF8003A6768 /* OIDAppAuthTests-Bridging-Header.h */,
				2F32CC07229D4CF8003A6768 /* OIDServiceConfigurationTests.h */,
				2F32CC08229D4CF8003A6768 /* OIDURLQueryComponentTestsIOS7.m */,
			);
			path = AppAuthTests;
			sourceTree = "<group>";
		};
		2F32CC89229D4FCD003A6768 /* UITests */ = {
			isa = PBXGroup;
			children = (
				2F32CC8A229D4FCD003A6768 /* Okta_UITests.swift */,
				2F32CC8B229D4FCD003A6768 /* Info.plist */,
				2F32CC8C229D4FCD003A6768 /* UITestUtils.swift */,
			);
			path = UITests;
			sourceTree = "<group>";
		};
/* End PBXGroup section */

/* Begin PBXHeadersBuildPhase section */
		2F32CA19229D38D4003A6768 /* Headers */ = {
			isa = PBXHeadersBuildPhase;
			buildActionMask = 2147483647;
			files = (
				2F32CB98229D3D13003A6768 /* OktaOidc.h in Headers */,
				2F32CB86229D3C3C003A6768 /* OIDDefines.h in Headers */,
				2F32CB71229D3C3C003A6768 /* OIDServiceConfiguration.h in Headers */,
				2F32CB95229D3C3C003A6768 /* OIDIDToken.h in Headers */,
				2F32CB89229D3C3C003A6768 /* OIDURLSessionProvider.h in Headers */,
				2F32CB78229D3C3C003A6768 /* OIDRegistrationResponse.h in Headers */,
				2F32CB70229D3C3C003A6768 /* OIDEndSessionRequest.h in Headers */,
				2F32CB79229D3C3C003A6768 /* OIDAuthorizationResponse.h in Headers */,
				2F32CB76229D3C3C003A6768 /* OIDEndSessionResponse.h in Headers */,
				2F32CB7B229D3C3C003A6768 /* OIDAuthorizationRequest.h in Headers */,
				2F32CB81229D3C3C003A6768 /* OIDScopeUtilities.h in Headers */,
				2F32CB6C229D3C3C003A6768 /* OIDTokenResponse.h in Headers */,
				2F32CB7E229D3C3C003A6768 /* OIDAuthStateErrorDelegate.h in Headers */,
				2F32CB6A229D3C3C003A6768 /* OIDExternalUserAgent.h in Headers */,
				2F32CB75229D3C3C003A6768 /* OIDClientMetadataParameters.h in Headers */,
				A1ED40C822CFC3C200588343 /* OIDExternalUserAgentIOSCustomBrowser.h in Headers */,
				2F32CB87229D3C3C003A6768 /* OIDExternalUserAgentRequest.h in Headers */,
				2F32CB85229D3C3C003A6768 /* OIDScopes.h in Headers */,
				A1ED40D022CFC3C200588343 /* AppAuth.h in Headers */,
				2F32CB93229D3C3C003A6768 /* OIDServiceDiscovery.h in Headers */,
				2F32CB62229D3C3C003A6768 /* OIDTokenRequest.h in Headers */,
				2F32CB6D229D3C3C003A6768 /* OIDTokenUtilities.h in Headers */,
				2F32CB90229D3C3C003A6768 /* OIDExternalUserAgentSession.h in Headers */,
				2F32CB84229D3C3C003A6768 /* OIDError.h in Headers */,
				2F32CB80229D3C3C003A6768 /* OIDFieldMapping.h in Headers */,
				2F32CB74229D3C3C003A6768 /* OIDURLQueryComponent.h in Headers */,
				2F32CB64229D3C3C003A6768 /* AppAuthCore.h in Headers */,
				A1ED40CF22CFC3C200588343 /* OIDAuthState+IOS.h in Headers */,
				2F32CB77229D3C3C003A6768 /* OIDErrorUtilities.h in Headers */,
				2F32CB83229D3C3C003A6768 /* OIDAuthState.h in Headers */,
				A1ED40D422CFC3C200588343 /* OIDAuthorizationService+IOS.h in Headers */,
				2F32CB65229D3C3C003A6768 /* OIDAuthStateChangeDelegate.h in Headers */,
				A1ED40D722CFC8BE00588343 /* OIDAuthorizationService+EndSession.h in Headers */,
				2F32CB8B229D3C3C003A6768 /* OIDGrantTypes.h in Headers */,
				A1A5FC1722D01216008F9511 /* OktaUserAgent.h in Headers */,
				2F32CB66229D3C3C003A6768 /* OIDResponseTypes.h in Headers */,
				2F32CB7C229D3C3C003A6768 /* OIDRegistrationRequest.h in Headers */,
				2F32CB60229D3C3C003A6768 /* OIDExternalUserAgentIOS.h in Headers */,
				2F32CB5E229D3C3C003A6768 /* OIDAuthorizationService.h in Headers */,
			);
			runOnlyForDeploymentPostprocessing = 0;
		};
/* End PBXHeadersBuildPhase section */

/* Begin PBXNativeTarget section */
		2F32CA1D229D38D4003A6768 /* okta-oidc */ = {
			isa = PBXNativeTarget;
			buildConfigurationList = 2F32CA26229D38D4003A6768 /* Build configuration list for PBXNativeTarget "okta-oidc" */;
			buildPhases = (
				2F32CA19229D38D4003A6768 /* Headers */,
				2F32CA1B229D38D4003A6768 /* Frameworks */,
				2F32CA1A229D38D4003A6768 /* Sources */,
				2F32CA1C229D38D4003A6768 /* Resources */,
			);
			buildRules = (
			);
			dependencies = (
			);
			name = "okta-oidc";
			productName = "okta-oidc";
			productReference = 2F32CA1E229D38D4003A6768 /* OktaOidc.framework */;
			productType = "com.apple.product-type.framework";
		};
		2F32CB9C229D422F003A6768 /* Example */ = {
			isa = PBXNativeTarget;
			buildConfigurationList = 2F32CBAC229D4231003A6768 /* Build configuration list for PBXNativeTarget "Example" */;
			buildPhases = (
				2F32CB99229D422F003A6768 /* Sources */,
				2F32CB9A229D422F003A6768 /* Frameworks */,
				2F32CB9B229D422F003A6768 /* Resources */,
				2F32CCA9229D6B5A003A6768 /* Embed Frameworks */,
			);
			buildRules = (
			);
			dependencies = (
				2F32CBD5229D42D6003A6768 /* PBXTargetDependency */,
			);
			name = Example;
			productName = Example;
			productReference = 2F32CB9D229D422F003A6768 /* Example.app */;
			productType = "com.apple.product-type.application";
		};
		2F32CBD9229D4CE9003A6768 /* OktaOidcTests */ = {
			isa = PBXNativeTarget;
			buildConfigurationList = 2F32CBE2229D4CE9003A6768 /* Build configuration list for PBXNativeTarget "OktaOidcTests" */;
			buildPhases = (
				2F32CBD6229D4CE9003A6768 /* Sources */,
				2F32CBD7229D4CE9003A6768 /* Frameworks */,
				2F32CBD8229D4CE9003A6768 /* Resources */,
			);
			buildRules = (
			);
			dependencies = (
				2F32CC9E229D6691003A6768 /* PBXTargetDependency */,
			);
			name = OktaOidcTests;
			productName = OktaOidcTests;
			productReference = 2F32CBDA229D4CE9003A6768 /* OktaOidcTests.xctest */;
			productType = "com.apple.product-type.bundle.unit-test";
		};
		2F32CC7E229D4FC0003A6768 /* OktaOidcUITests */ = {
			isa = PBXNativeTarget;
			buildConfigurationList = 2F32CC86229D4FC0003A6768 /* Build configuration list for PBXNativeTarget "OktaOidcUITests" */;
			buildPhases = (
				2F32CC7B229D4FC0003A6768 /* Sources */,
				2F32CC7C229D4FC0003A6768 /* Frameworks */,
				2F32CC7D229D4FC0003A6768 /* Resources */,
			);
			buildRules = (
			);
			dependencies = (
				2F32CCA6229D6B35003A6768 /* PBXTargetDependency */,
			);
			name = OktaOidcUITests;
			productName = OktaOidcUITests;
			productReference = 2F32CC7F229D4FC0003A6768 /* OktaOidcUITests.xctest */;
			productType = "com.apple.product-type.bundle.ui-testing";
		};
/* End PBXNativeTarget section */

/* Begin PBXProject section */
		2F32CA15229D38D4003A6768 /* Project object */ = {
			isa = PBXProject;
			attributes = {
				LastSwiftUpdateCheck = 1020;
				LastUpgradeCheck = 1020;
				ORGANIZATIONNAME = Okta;
				TargetAttributes = {
					2F32CA1D229D38D4003A6768 = {
						CreatedOnToolsVersion = 10.2.1;
					};
					2F32CB9C229D422F003A6768 = {
						CreatedOnToolsVersion = 10.2.1;
					};
					2F32CBD9229D4CE9003A6768 = {
						CreatedOnToolsVersion = 10.2.1;
						TestTargetID = 2F32CB9C229D422F003A6768;
					};
					2F32CC7E229D4FC0003A6768 = {
						CreatedOnToolsVersion = 10.2.1;
						LastSwiftMigration = 1100;
						TestTargetID = 2F32CB9C229D422F003A6768;
					};
				};
			};
			buildConfigurationList = 2F32CA18229D38D4003A6768 /* Build configuration list for PBXProject "okta-oidc" */;
			compatibilityVersion = "Xcode 9.3";
			developmentRegion = en;
			hasScannedForEncodings = 0;
			knownRegions = (
				en,
				Base,
			);
			mainGroup = 2F32CA14229D38D4003A6768;
			productRefGroup = 2F32CA1F229D38D4003A6768 /* Products */;
			projectDirPath = "";
			projectRoot = "";
			targets = (
				2F32CA1D229D38D4003A6768 /* okta-oidc */,
				2F32CB9C229D422F003A6768 /* Example */,
				2F32CBD9229D4CE9003A6768 /* OktaOidcTests */,
				2F32CC7E229D4FC0003A6768 /* OktaOidcUITests */,
			);
		};
/* End PBXProject section */

/* Begin PBXResourcesBuildPhase section */
		2F32CA1C229D38D4003A6768 /* Resources */ = {
			isa = PBXResourcesBuildPhase;
			buildActionMask = 2147483647;
			files = (
			);
			runOnlyForDeploymentPostprocessing = 0;
		};
		2F32CB9B229D422F003A6768 /* Resources */ = {
			isa = PBXResourcesBuildPhase;
			buildActionMask = 2147483647;
			files = (
				2F32CBD1229D42B8003A6768 /* Okta.plist in Resources */,
				2F32CBD0229D42AE003A6768 /* Images.xcassets in Resources */,
				2F32CBCB229D4293003A6768 /* LaunchScreen.storyboard in Resources */,
				2F32CBCF229D42A9003A6768 /* Main.storyboard in Resources */,
			);
			runOnlyForDeploymentPostprocessing = 0;
		};
		2F32CBD8229D4CE9003A6768 /* Resources */ = {
			isa = PBXResourcesBuildPhase;
			buildActionMask = 2147483647;
			files = (
			);
			runOnlyForDeploymentPostprocessing = 0;
		};
		2F32CC7D229D4FC0003A6768 /* Resources */ = {
			isa = PBXResourcesBuildPhase;
			buildActionMask = 2147483647;
			files = (
			);
			runOnlyForDeploymentPostprocessing = 0;
		};
/* End PBXResourcesBuildPhase section */

/* Begin PBXSourcesBuildPhase section */
		2F32CA1A229D38D4003A6768 /* Sources */ = {
			isa = PBXSourcesBuildPhase;
			buildActionMask = 2147483647;
			files = (
				2F32CB52229D3A16003A6768 /* OktaOidcEndpoint.swift in Sources */,
				2F32CB7A229D3C3C003A6768 /* OIDResponseTypes.m in Sources */,
				2F32CB5F229D3C3C003A6768 /* OIDScopeUtilities.m in Sources */,
				2F32CB8C229D3C3C003A6768 /* OIDTokenResponse.m in Sources */,
				2F32CB91229D3C3C003A6768 /* OIDEndSessionResponse.m in Sources */,
				2F32CB4C229D3A16003A6768 /* OktaOidcSignOut.swift in Sources */,
				2F32CB92229D3C3C003A6768 /* OIDClientMetadataParameters.m in Sources */,
				2F32CB59229D3A16003A6768 /* OktaOidcError.swift in Sources */,
				A1ED40C922CFC3C200588343 /* OIDAuthorizationService+IOS.m in Sources */,
				2F32CB50229D3A16003A6768 /* OktaOidcMetadataDiscovery.swift in Sources */,
				2F32CB4B229D3A16003A6768 /* OktaOidcSignIn.swift in Sources */,
				2F32CB61229D3C3C003A6768 /* OIDFieldMapping.m in Sources */,
				A1ED40D122CFC3C200588343 /* OIDExternalUserAgentIOSCustomBrowser.m in Sources */,
				2F32CB7F229D3C3C003A6768 /* OIDExternalUserAgentIOS.m in Sources */,
				2F32CB57229D3A16003A6768 /* OIDAuthorizationService+Okta.swift in Sources */,
				2F32CB68229D3C3C003A6768 /* OIDScopes.m in Sources */,
				2F32CB5A229D3A16003A6768 /* OIDAuthState+Okta.swift in Sources */,
				2F32CB8D229D3C3C003A6768 /* OIDRegistrationResponse.m in Sources */,
				2F32CB58229D3A16003A6768 /* OktaOidcConfig.swift in Sources */,
				2F32CB94229D3C3C003A6768 /* OIDURLQueryComponent.m in Sources */,
				2F32CB96229D3C3C003A6768 /* OIDServiceConfiguration.m in Sources */,
				2F32CB8A229D3C3C003A6768 /* OIDTokenUtilities.m in Sources */,
				2F32CB69229D3C3C003A6768 /* OIDError.m in Sources */,
				A1A5FC1822D01216008F9511 /* OktaUserAgent.m in Sources */,
				A1ED40CC22CFC3C200588343 /* OIDAuthState+IOS.m in Sources */,
				2F32CB56229D3A16003A6768 /* OktaOidcRestApi.swift in Sources */,
				A1ED40D822CFC8BE00588343 /* OIDAuthorizationService+EndSession.m in Sources */,
				2F32CB6F229D3C3C003A6768 /* OIDURLSessionProvider.m in Sources */,
				2F32CB55229D3A16003A6768 /* OktaOidc.swift in Sources */,
				2F32CB8F229D3C3C003A6768 /* OIDErrorUtilities.m in Sources */,
				2F32CB88229D3C3C003A6768 /* OIDEndSessionRequest.m in Sources */,
				2F32CB4F229D3A16003A6768 /* OktaOidcUserSessionTask.swift in Sources */,
				2F32CB7D229D3C3C003A6768 /* OIDTokenRequest.m in Sources */,
				2F32CB63229D3C3C003A6768 /* OIDRegistrationRequest.m in Sources */,
				2F32CB67229D3C3C003A6768 /* OIDAuthorizationRequest.m in Sources */,
				2F32CB4E229D3A16003A6768 /* OktaOidcTask.swift in Sources */,
				2F32CB53229D3A16003A6768 /* OktaOidcUtils.swift in Sources */,
				2F32CB6B229D3C3C003A6768 /* OIDAuthState.m in Sources */,
				2F32CB72229D3C3C003A6768 /* OIDIDToken.m in Sources */,
				2F32CB8E229D3C3C003A6768 /* OIDAuthorizationResponse.m in Sources */,
				2F32CB4D229D3A16003A6768 /* OktaOidcAuthenticate.swift in Sources */,
				2F32CB82229D3C3C003A6768 /* OIDAuthorizationService.m in Sources */,
				2F32CB54229D3A16003A6768 /* OktaOidcKeychain.swift in Sources */,
				2F32CB51229D3A16003A6768 /* OktaOidcStateManager.swift in Sources */,
				2F32CB6E229D3C3C003A6768 /* OIDGrantTypes.m in Sources */,
				2F32CB73229D3C3C003A6768 /* OIDServiceDiscovery.m in Sources */,
			);
			runOnlyForDeploymentPostprocessing = 0;
		};
		2F32CB99229D422F003A6768 /* Sources */ = {
			isa = PBXSourcesBuildPhase;
			buildActionMask = 2147483647;
			files = (
				2F32CBC9229D4289003A6768 /* AppDelegate.swift in Sources */,
				2F32CBC8229D4285003A6768 /* ViewController.swift in Sources */,
				2F32CBC7229D4281003A6768 /* AuthViewController.swift in Sources */,
			);
			runOnlyForDeploymentPostprocessing = 0;
		};
		2F32CBD6229D4CE9003A6768 /* Sources */ = {
			isa = PBXSourcesBuildPhase;
			buildActionMask = 2147483647;
			files = (
				2F32CC76229D4E76003A6768 /* OIDAuthStateTests.m in Sources */,
				2F32CC3D229D4D11003A6768 /* OktaOidcTests.swift in Sources */,
				2F32CC6E229D4E76003A6768 /* OIDURLQueryComponentTests.m in Sources */,
				2F32CC7A229D4E76003A6768 /* OIDURLQueryComponentTestsIOS7.m in Sources */,
				A1ED40D222CFC3C200588343 /* OIDExternalUserAgentIOSCustomBrowser.m in Sources */,
				2F32CC41229D4D11003A6768 /* OktaOidcDiscoveryTaskTests.swift in Sources */,
				2F32CC68229D4E76003A6768 /* OIDURLSessionProviderTests.m in Sources */,
				2F32CC74229D4E76003A6768 /* OIDSwiftTests.swift in Sources */,
				2F32CC3F229D4D11003A6768 /* OktaOidcUtilsTests.swift in Sources */,
				2F32CC6D229D4E76003A6768 /* OIDRegistrationResponseTests.m in Sources */,
				2F32CC79229D4E76003A6768 /* OIDTokenRequestTests.m in Sources */,
				2F32CC42229D4D11003A6768 /* TestUtils.swift in Sources */,
				2F32CC73229D4E76003A6768 /* OIDTokenUtilitiesTests.m in Sources */,
				2F32CC6A229D4E76003A6768 /* OIDAuthorizationResponseTests.m in Sources */,
				2F32CC78229D4E76003A6768 /* OIDRPProfileCode.m in Sources */,
				2F32CC3C229D4D11003A6768 /* OktaOidcApiMock.swift in Sources */,
				2F32CC6C229D4E76003A6768 /* OIDScopesTests.m in Sources */,
				A1ED40CD22CFC3C200588343 /* OIDAuthState+IOS.m in Sources */,
				2F32CC40229D4D11003A6768 /* OktaOidcKeychainTests.swift in Sources */,
				2F32CC43229D4D11003A6768 /* OktaOidcConfigTests.swift in Sources */,
				2F32CC71229D4E76003A6768 /* OIDTokenResponseTests.m in Sources */,
				2F32CC72229D4E76003A6768 /* OIDEndSessionRequestTests.m in Sources */,
				2F32CC6B229D4E76003A6768 /* OIDRegistrationRequestTests.m in Sources */,
				A1ED40CA22CFC3C200588343 /* OIDAuthorizationService+IOS.m in Sources */,
				2F32CC3B229D4D11003A6768 /* OktaOidcEndpointTests.swift in Sources */,
				2F32CC3E229D4D11003A6768 /* OktaOidcStateManagerTests.swift in Sources */,
				2F32CC75229D4E76003A6768 /* OIDServiceDiscoveryTests.m in Sources */,
				2F32CC70229D4E76003A6768 /* OIDGrantTypesTests.m in Sources */,
				2F32CC69229D4E76003A6768 /* OIDAuthorizationRequestTests.m in Sources */,
				2F32CC6F229D4E76003A6768 /* OIDServiceConfigurationTests.m in Sources */,
				2F32CC77229D4E76003A6768 /* OIDResponseTypesTests.m in Sources */,
			);
			runOnlyForDeploymentPostprocessing = 0;
		};
		2F32CC7B229D4FC0003A6768 /* Sources */ = {
			isa = PBXSourcesBuildPhase;
			buildActionMask = 2147483647;
			files = (
				2F32CC90229D4FD4003A6768 /* Okta_UITests.swift in Sources */,
				2F32CC91229D4FD9003A6768 /* UITestUtils.swift in Sources */,
				A1ED40CE22CFC3C200588343 /* OIDAuthState+IOS.m in Sources */,
				A1ED40CB22CFC3C200588343 /* OIDAuthorizationService+IOS.m in Sources */,
				A1ED40D322CFC3C200588343 /* OIDExternalUserAgentIOSCustomBrowser.m in Sources */,
			);
			runOnlyForDeploymentPostprocessing = 0;
		};
/* End PBXSourcesBuildPhase section */

/* Begin PBXTargetDependency section */
		2F32CBD5229D42D6003A6768 /* PBXTargetDependency */ = {
			isa = PBXTargetDependency;
			target = 2F32CA1D229D38D4003A6768 /* okta-oidc */;
			targetProxy = 2F32CBD4229D42D6003A6768 /* PBXContainerItemProxy */;
		};
		2F32CC9E229D6691003A6768 /* PBXTargetDependency */ = {
			isa = PBXTargetDependency;
			target = 2F32CB9C229D422F003A6768 /* Example */;
			targetProxy = 2F32CC9D229D6691003A6768 /* PBXContainerItemProxy */;
		};
		2F32CCA6229D6B35003A6768 /* PBXTargetDependency */ = {
			isa = PBXTargetDependency;
			target = 2F32CB9C229D422F003A6768 /* Example */;
			targetProxy = 2F32CCA5229D6B35003A6768 /* PBXContainerItemProxy */;
		};
/* End PBXTargetDependency section */

/* Begin PBXVariantGroup section */
		2F32CBB3229D427A003A6768 /* LaunchScreen.storyboard */ = {
			isa = PBXVariantGroup;
			children = (
				2F32CBB4229D427A003A6768 /* Base */,
			);
			name = LaunchScreen.storyboard;
			sourceTree = "<group>";
		};
		2F32CBB7229D427A003A6768 /* Main.storyboard */ = {
			isa = PBXVariantGroup;
			children = (
				2F32CBB8229D427A003A6768 /* Base */,
			);
			name = Main.storyboard;
			sourceTree = "<group>";
		};
/* End PBXVariantGroup section */

/* Begin XCBuildConfiguration section */
		2F32CA24229D38D4003A6768 /* Debug */ = {
			isa = XCBuildConfiguration;
			buildSettings = {
				ALWAYS_SEARCH_USER_PATHS = NO;
				CLANG_ANALYZER_NONNULL = YES;
				CLANG_ANALYZER_NUMBER_OBJECT_CONVERSION = YES_AGGRESSIVE;
				CLANG_CXX_LANGUAGE_STANDARD = "gnu++14";
				CLANG_CXX_LIBRARY = "libc++";
				CLANG_ENABLE_MODULES = YES;
				CLANG_ENABLE_OBJC_ARC = YES;
				CLANG_ENABLE_OBJC_WEAK = YES;
				CLANG_WARN_BLOCK_CAPTURE_AUTORELEASING = YES;
				CLANG_WARN_BOOL_CONVERSION = YES;
				CLANG_WARN_COMMA = YES;
				CLANG_WARN_CONSTANT_CONVERSION = YES;
				CLANG_WARN_DEPRECATED_OBJC_IMPLEMENTATIONS = YES;
				CLANG_WARN_DIRECT_OBJC_ISA_USAGE = YES_ERROR;
				CLANG_WARN_DOCUMENTATION_COMMENTS = YES;
				CLANG_WARN_EMPTY_BODY = YES;
				CLANG_WARN_ENUM_CONVERSION = YES;
				CLANG_WARN_INFINITE_RECURSION = YES;
				CLANG_WARN_INT_CONVERSION = YES;
				CLANG_WARN_NON_LITERAL_NULL_CONVERSION = YES;
				CLANG_WARN_OBJC_IMPLICIT_RETAIN_SELF = YES;
				CLANG_WARN_OBJC_LITERAL_CONVERSION = YES;
				CLANG_WARN_OBJC_ROOT_CLASS = YES_ERROR;
				CLANG_WARN_RANGE_LOOP_ANALYSIS = YES;
				CLANG_WARN_STRICT_PROTOTYPES = YES;
				CLANG_WARN_SUSPICIOUS_MOVE = YES;
				CLANG_WARN_UNGUARDED_AVAILABILITY = YES_AGGRESSIVE;
				CLANG_WARN_UNREACHABLE_CODE = YES;
				CLANG_WARN__DUPLICATE_METHOD_MATCH = YES;
				CODE_SIGN_IDENTITY = "iPhone Developer";
				COPY_PHASE_STRIP = NO;
				CURRENT_PROJECT_VERSION = 1;
				DEBUG_INFORMATION_FORMAT = dwarf;
				ENABLE_STRICT_OBJC_MSGSEND = YES;
				ENABLE_TESTABILITY = YES;
				GCC_C_LANGUAGE_STANDARD = gnu11;
				GCC_DYNAMIC_NO_PIC = NO;
				GCC_NO_COMMON_BLOCKS = YES;
				GCC_OPTIMIZATION_LEVEL = 0;
				GCC_PREPROCESSOR_DEFINITIONS = (
					"DEBUG=1",
					"$(inherited)",
				);
				GCC_WARN_64_TO_32_BIT_CONVERSION = YES;
				GCC_WARN_ABOUT_RETURN_TYPE = YES_ERROR;
				GCC_WARN_UNDECLARED_SELECTOR = YES;
				GCC_WARN_UNINITIALIZED_AUTOS = YES_AGGRESSIVE;
				GCC_WARN_UNUSED_FUNCTION = YES;
				GCC_WARN_UNUSED_VARIABLE = YES;
				IPHONEOS_DEPLOYMENT_TARGET = 12.2;
				MTL_ENABLE_DEBUG_INFO = INCLUDE_SOURCE;
				MTL_FAST_MATH = YES;
				ONLY_ACTIVE_ARCH = YES;
				SDKROOT = iphoneos;
				SWIFT_ACTIVE_COMPILATION_CONDITIONS = DEBUG;
				SWIFT_OPTIMIZATION_LEVEL = "-Onone";
				VERSIONING_SYSTEM = "apple-generic";
				VERSION_INFO_PREFIX = "";
			};
			name = Debug;
		};
		2F32CA25229D38D4003A6768 /* Release */ = {
			isa = XCBuildConfiguration;
			buildSettings = {
				ALWAYS_SEARCH_USER_PATHS = NO;
				CLANG_ANALYZER_NONNULL = YES;
				CLANG_ANALYZER_NUMBER_OBJECT_CONVERSION = YES_AGGRESSIVE;
				CLANG_CXX_LANGUAGE_STANDARD = "gnu++14";
				CLANG_CXX_LIBRARY = "libc++";
				CLANG_ENABLE_MODULES = YES;
				CLANG_ENABLE_OBJC_ARC = YES;
				CLANG_ENABLE_OBJC_WEAK = YES;
				CLANG_WARN_BLOCK_CAPTURE_AUTORELEASING = YES;
				CLANG_WARN_BOOL_CONVERSION = YES;
				CLANG_WARN_COMMA = YES;
				CLANG_WARN_CONSTANT_CONVERSION = YES;
				CLANG_WARN_DEPRECATED_OBJC_IMPLEMENTATIONS = YES;
				CLANG_WARN_DIRECT_OBJC_ISA_USAGE = YES_ERROR;
				CLANG_WARN_DOCUMENTATION_COMMENTS = YES;
				CLANG_WARN_EMPTY_BODY = YES;
				CLANG_WARN_ENUM_CONVERSION = YES;
				CLANG_WARN_INFINITE_RECURSION = YES;
				CLANG_WARN_INT_CONVERSION = YES;
				CLANG_WARN_NON_LITERAL_NULL_CONVERSION = YES;
				CLANG_WARN_OBJC_IMPLICIT_RETAIN_SELF = YES;
				CLANG_WARN_OBJC_LITERAL_CONVERSION = YES;
				CLANG_WARN_OBJC_ROOT_CLASS = YES_ERROR;
				CLANG_WARN_RANGE_LOOP_ANALYSIS = YES;
				CLANG_WARN_STRICT_PROTOTYPES = YES;
				CLANG_WARN_SUSPICIOUS_MOVE = YES;
				CLANG_WARN_UNGUARDED_AVAILABILITY = YES_AGGRESSIVE;
				CLANG_WARN_UNREACHABLE_CODE = YES;
				CLANG_WARN__DUPLICATE_METHOD_MATCH = YES;
				CODE_SIGN_IDENTITY = "iPhone Developer";
				COPY_PHASE_STRIP = NO;
				CURRENT_PROJECT_VERSION = 1;
				DEBUG_INFORMATION_FORMAT = "dwarf-with-dsym";
				ENABLE_NS_ASSERTIONS = NO;
				ENABLE_STRICT_OBJC_MSGSEND = YES;
				GCC_C_LANGUAGE_STANDARD = gnu11;
				GCC_NO_COMMON_BLOCKS = YES;
				GCC_WARN_64_TO_32_BIT_CONVERSION = YES;
				GCC_WARN_ABOUT_RETURN_TYPE = YES_ERROR;
				GCC_WARN_UNDECLARED_SELECTOR = YES;
				GCC_WARN_UNINITIALIZED_AUTOS = YES_AGGRESSIVE;
				GCC_WARN_UNUSED_FUNCTION = YES;
				GCC_WARN_UNUSED_VARIABLE = YES;
				IPHONEOS_DEPLOYMENT_TARGET = 12.2;
				MTL_ENABLE_DEBUG_INFO = NO;
				MTL_FAST_MATH = YES;
				SDKROOT = iphoneos;
				SWIFT_COMPILATION_MODE = wholemodule;
				SWIFT_OPTIMIZATION_LEVEL = "-O";
				VALIDATE_PRODUCT = YES;
				VERSIONING_SYSTEM = "apple-generic";
				VERSION_INFO_PREFIX = "";
			};
			name = Release;
		};
		2F32CA27229D38D4003A6768 /* Debug */ = {
			isa = XCBuildConfiguration;
			buildSettings = {
				CLANG_ALLOW_NON_MODULAR_INCLUDES_IN_FRAMEWORK_MODULES = YES;
				CODE_SIGN_IDENTITY = "";
				CODE_SIGN_STYLE = Automatic;
				DEFINES_MODULE = YES;
				DYLIB_COMPATIBILITY_VERSION = 1;
				DYLIB_CURRENT_VERSION = 1;
				DYLIB_INSTALL_NAME_BASE = "@rpath";
				INFOPLIST_FILE = "okta-oidc/Resources/Info.plist";
				INSTALL_PATH = "$(LOCAL_LIBRARY_DIR)/Frameworks";
				IPHONEOS_DEPLOYMENT_TARGET = 9.0;
				LD_RUNPATH_SEARCH_PATHS = (
					"$(inherited)",
					"@executable_path/Frameworks",
					"@loader_path/Frameworks",
				);
				PRODUCT_BUNDLE_IDENTIFIER = "com.okta.okta-oidc";
				PRODUCT_NAME = OktaOidc;
				SKIP_INSTALL = YES;
				SWIFT_OBJC_INTERFACE_HEADER_NAME = "$(SWIFT_MODULE_NAME)-Swift.h";
				SWIFT_VERSION = 4.2;
				TARGETED_DEVICE_FAMILY = "1,2";
			};
			name = Debug;
		};
		2F32CA28229D38D4003A6768 /* Release */ = {
			isa = XCBuildConfiguration;
			buildSettings = {
				CLANG_ALLOW_NON_MODULAR_INCLUDES_IN_FRAMEWORK_MODULES = YES;
				CODE_SIGN_IDENTITY = "";
				CODE_SIGN_STYLE = Automatic;
				DEFINES_MODULE = YES;
				DYLIB_COMPATIBILITY_VERSION = 1;
				DYLIB_CURRENT_VERSION = 1;
				DYLIB_INSTALL_NAME_BASE = "@rpath";
				INFOPLIST_FILE = "okta-oidc/Resources/Info.plist";
				INSTALL_PATH = "$(LOCAL_LIBRARY_DIR)/Frameworks";
				IPHONEOS_DEPLOYMENT_TARGET = 9.0;
				LD_RUNPATH_SEARCH_PATHS = (
					"$(inherited)",
					"@executable_path/Frameworks",
					"@loader_path/Frameworks",
				);
				PRODUCT_BUNDLE_IDENTIFIER = "com.okta.okta-oidc";
				PRODUCT_NAME = OktaOidc;
				SKIP_INSTALL = YES;
				SWIFT_OBJC_INTERFACE_HEADER_NAME = "$(SWIFT_MODULE_NAME)-Swift.h";
				SWIFT_VERSION = 4.2;
				TARGETED_DEVICE_FAMILY = "1,2";
			};
			name = Release;
		};
		2F32CBAD229D4231003A6768 /* Debug */ = {
			isa = XCBuildConfiguration;
			buildSettings = {
				ALWAYS_EMBED_SWIFT_STANDARD_LIBRARIES = YES;
				ASSETCATALOG_COMPILER_APPICON_NAME = AppIcon;
				CODE_SIGN_STYLE = Automatic;
				INFOPLIST_FILE = Example/Info.plist;
				IPHONEOS_DEPLOYMENT_TARGET = 9.0;
				LD_RUNPATH_SEARCH_PATHS = (
					"$(inherited)",
					"@executable_path/Frameworks",
				);
				PRODUCT_BUNDLE_IDENTIFIER = com.okta.Example;
				PRODUCT_NAME = "$(TARGET_NAME)";
				SWIFT_VERSION = 4.2;
				TARGETED_DEVICE_FAMILY = "1,2";
			};
			name = Debug;
		};
		2F32CBAE229D4231003A6768 /* Release */ = {
			isa = XCBuildConfiguration;
			buildSettings = {
				ALWAYS_EMBED_SWIFT_STANDARD_LIBRARIES = YES;
				ASSETCATALOG_COMPILER_APPICON_NAME = AppIcon;
				CODE_SIGN_STYLE = Automatic;
				INFOPLIST_FILE = Example/Info.plist;
				IPHONEOS_DEPLOYMENT_TARGET = 9.0;
				LD_RUNPATH_SEARCH_PATHS = (
					"$(inherited)",
					"@executable_path/Frameworks",
				);
				PRODUCT_BUNDLE_IDENTIFIER = com.okta.Example;
				PRODUCT_NAME = "$(TARGET_NAME)";
				SWIFT_VERSION = 4.2;
				TARGETED_DEVICE_FAMILY = "1,2";
			};
			name = Release;
		};
		2F32CBE3229D4CE9003A6768 /* Debug */ = {
			isa = XCBuildConfiguration;
			buildSettings = {
				CODE_SIGN_STYLE = Automatic;
				INFOPLIST_FILE = Tests/Info.plist;
				IPHONEOS_DEPLOYMENT_TARGET = 9.0;
				LD_RUNPATH_SEARCH_PATHS = (
					"$(inherited)",
					"@executable_path/Frameworks",
					"@loader_path/Frameworks",
				);
				PRODUCT_BUNDLE_IDENTIFIER = com.okta.OktaOidcTests;
				PRODUCT_NAME = "$(TARGET_NAME)";
				SWIFT_VERSION = 4.2;
				TARGETED_DEVICE_FAMILY = "1,2";
				TEST_HOST = "$(BUILT_PRODUCTS_DIR)/Example.app/Example";
			};
			name = Debug;
		};
		2F32CBE4229D4CE9003A6768 /* Release */ = {
			isa = XCBuildConfiguration;
			buildSettings = {
				CODE_SIGN_STYLE = Automatic;
				INFOPLIST_FILE = Tests/Info.plist;
				IPHONEOS_DEPLOYMENT_TARGET = 9.0;
				LD_RUNPATH_SEARCH_PATHS = (
					"$(inherited)",
					"@executable_path/Frameworks",
					"@loader_path/Frameworks",
				);
				PRODUCT_BUNDLE_IDENTIFIER = com.okta.OktaOidcTests;
				PRODUCT_NAME = "$(TARGET_NAME)";
				SWIFT_VERSION = 4.2;
				TARGETED_DEVICE_FAMILY = "1,2";
				TEST_HOST = "$(BUILT_PRODUCTS_DIR)/Example.app/Example";
			};
			name = Release;
		};
		2F32CC87229D4FC0003A6768 /* Debug */ = {
			isa = XCBuildConfiguration;
			buildSettings = {
				CLANG_ENABLE_MODULES = YES;
				CODE_SIGN_STYLE = Automatic;
				INFOPLIST_FILE = UITests/Info.plist;
				IPHONEOS_DEPLOYMENT_TARGET = 9.0;
				LD_RUNPATH_SEARCH_PATHS = (
					"$(inherited)",
					"@executable_path/Frameworks",
					"@loader_path/Frameworks",
				);
				PRODUCT_BUNDLE_IDENTIFIER = com.okta.OktaOidcUITests;
				PRODUCT_NAME = "$(TARGET_NAME)";
				PROVISIONING_PROFILE = "";
				SWIFT_OPTIMIZATION_LEVEL = "-Onone";
				SWIFT_VERSION = 4.2;
				TARGETED_DEVICE_FAMILY = "1,2";
				TEST_TARGET_NAME = Example;
			};
			name = Debug;
		};
		2F32CC88229D4FC0003A6768 /* Release */ = {
			isa = XCBuildConfiguration;
			buildSettings = {
				CLANG_ENABLE_MODULES = YES;
				CODE_SIGN_STYLE = Automatic;
				INFOPLIST_FILE = UITests/Info.plist;
				IPHONEOS_DEPLOYMENT_TARGET = 9.0;
				LD_RUNPATH_SEARCH_PATHS = (
					"$(inherited)",
					"@executable_path/Frameworks",
					"@loader_path/Frameworks",
				);
				PRODUCT_BUNDLE_IDENTIFIER = com.okta.OktaOidcUITests;
				PRODUCT_NAME = "$(TARGET_NAME)";
				PROVISIONING_PROFILE = "";
				SWIFT_VERSION = 4.2;
				TARGETED_DEVICE_FAMILY = "1,2";
				TEST_TARGET_NAME = Example;
			};
			name = Release;
		};
/* End XCBuildConfiguration section */

/* Begin XCConfigurationList section */
		2F32CA18229D38D4003A6768 /* Build configuration list for PBXProject "okta-oidc" */ = {
			isa = XCConfigurationList;
			buildConfigurations = (
				2F32CA24229D38D4003A6768 /* Debug */,
				2F32CA25229D38D4003A6768 /* Release */,
			);
			defaultConfigurationIsVisible = 0;
			defaultConfigurationName = Release;
		};
		2F32CA26229D38D4003A6768 /* Build configuration list for PBXNativeTarget "okta-oidc" */ = {
			isa = XCConfigurationList;
			buildConfigurations = (
				2F32CA27229D38D4003A6768 /* Debug */,
				2F32CA28229D38D4003A6768 /* Release */,
			);
			defaultConfigurationIsVisible = 0;
			defaultConfigurationName = Release;
		};
		2F32CBAC229D4231003A6768 /* Build configuration list for PBXNativeTarget "Example" */ = {
			isa = XCConfigurationList;
			buildConfigurations = (
				2F32CBAD229D4231003A6768 /* Debug */,
				2F32CBAE229D4231003A6768 /* Release */,
			);
			defaultConfigurationIsVisible = 0;
			defaultConfigurationName = Release;
		};
		2F32CBE2229D4CE9003A6768 /* Build configuration list for PBXNativeTarget "OktaOidcTests" */ = {
			isa = XCConfigurationList;
			buildConfigurations = (
				2F32CBE3229D4CE9003A6768 /* Debug */,
				2F32CBE4229D4CE9003A6768 /* Release */,
			);
			defaultConfigurationIsVisible = 0;
			defaultConfigurationName = Release;
		};
		2F32CC86229D4FC0003A6768 /* Build configuration list for PBXNativeTarget "OktaOidcUITests" */ = {
			isa = XCConfigurationList;
			buildConfigurations = (
				2F32CC87229D4FC0003A6768 /* Debug */,
				2F32CC88229D4FC0003A6768 /* Release */,
			);
			defaultConfigurationIsVisible = 0;
			defaultConfigurationName = Release;
		};
/* End XCConfigurationList section */
	};
	rootObject = 2F32CA15229D38D4003A6768 /* Project object */;
}
